// !$*UTF8*$!
{
	archiveVersion = 1;
	classes = {
	};
	objectVersion = 46;
	objects = {

/* Begin PBXBuildFile section */
		849FB4451B28CFE40096D0AD /* main.m in Sources */ = {isa = PBXBuildFile; fileRef = 849FB4441B28CFE40096D0AD /* main.m */; };
		849FB4481B28CFE40096D0AD /* AppDelegate.m in Sources */ = {isa = PBXBuildFile; fileRef = 849FB4471B28CFE40096D0AD /* AppDelegate.m */; };
		849FB44B1B28CFE40096D0AD /* ViewController.m in Sources */ = {isa = PBXBuildFile; fileRef = 849FB44A1B28CFE40096D0AD /* ViewController.m */; };
		849FB44E1B28CFE40096D0AD /* Main.storyboard in Resources */ = {isa = PBXBuildFile; fileRef = 849FB44C1B28CFE40096D0AD /* Main.storyboard */; };
		849FB4501B28CFE40096D0AD /* Images.xcassets in Resources */ = {isa = PBXBuildFile; fileRef = 849FB44F1B28CFE40096D0AD /* Images.xcassets */; };
		849FB4531B28CFE40096D0AD /* LaunchScreen.xib in Resources */ = {isa = PBXBuildFile; fileRef = 849FB4511B28CFE40096D0AD /* LaunchScreen.xib */; };
		849FB45F1B28CFE40096D0AD /* TSYHomeworkUITests.m in Sources */ = {isa = PBXBuildFile; fileRef = 849FB45E1B28CFE40096D0AD /* TSYHomeworkUITests.m */; };
/* End PBXBuildFile section */

/* Begin PBXContainerItemProxy section */
		849FB4591B28CFE40096D0AD /* PBXContainerItemProxy */ = {
			isa = PBXContainerItemProxy;
			containerPortal = 849FB4371B28CFE40096D0AD /* Project object */;
			proxyType = 1;
			remoteGlobalIDString = 849FB43E1B28CFE40096D0AD;
			remoteInfo = TSYHomeworkUI;
		};
/* End PBXContainerItemProxy section */

/* Begin PBXFileReference section */
		849FB43F1B28CFE40096D0AD /* TSYHomeworkUI.app */ = {isa = PBXFileReference; explicitFileType = wrapper.application; includeInIndex = 0; path = TSYHomeworkUI.app; sourceTree = BUILT_PRODUCTS_DIR; };
		849FB4431B28CFE40096D0AD /* Info.plist */ = {isa = PBXFileReference; lastKnownFileType = text.plist.xml; path = Info.plist; sourceTree = "<group>"; };
		849FB4441B28CFE40096D0AD /* main.m */ = {isa = PBXFileReference; lastKnownFileType = sourcecode.c.objc; path = main.m; sourceTree = "<group>"; };
		849FB4461B28CFE40096D0AD /* AppDelegate.h */ = {isa = PBXFileReference; lastKnownFileType = sourcecode.c.h; path = AppDelegate.h; sourceTree = "<group>"; };
		849FB4471B28CFE40096D0AD /* AppDelegate.m */ = {isa = PBXFileReference; lastKnownFileType = sourcecode.c.objc; path = AppDelegate.m; sourceTree = "<group>"; };
		849FB4491B28CFE40096D0AD /* ViewController.h */ = {isa = PBXFileReference; lastKnownFileType = sourcecode.c.h; path = ViewController.h; sourceTree = "<group>"; };
		849FB44A1B28CFE40096D0AD /* ViewController.m */ = {isa = PBXFileReference; lastKnownFileType = sourcecode.c.objc; path = ViewController.m; sourceTree = "<group>"; };
		849FB44D1B28CFE40096D0AD /* Base */ = {isa = PBXFileReference; lastKnownFileType = file.storyboard; name = Base; path = Base.lproj/Main.storyboard; sourceTree = "<group>"; };
		849FB44F1B28CFE40096D0AD /* Images.xcassets */ = {isa = PBXFileReference; lastKnownFileType = folder.assetcatalog; path = Images.xcassets; sourceTree = "<group>"; };
		849FB4521B28CFE40096D0AD /* Base */ = {isa = PBXFileReference; lastKnownFileType = file.xib; name = Base; path = Base.lproj/LaunchScreen.xib; sourceTree = "<group>"; };
		849FB4581B28CFE40096D0AD /* TSYHomeworkUITests.xctest */ = {isa = PBXFileReference; explicitFileType = wrapper.cfbundle; includeInIndex = 0; path = TSYHomeworkUITests.xctest; sourceTree = BUILT_PRODUCTS_DIR; };
		849FB45D1B28CFE40096D0AD /* Info.plist */ = {isa = PBXFileReference; lastKnownFileType = text.plist.xml; path = Info.plist; sourceTree = "<group>"; };
		849FB45E1B28CFE40096D0AD /* TSYHomeworkUITests.m */ = {isa = PBXFileReference; lastKnownFileType = sourcecode.c.objc; path = TSYHomeworkUITests.m; sourceTree = "<group>"; };
/* End PBXFileReference section */

/* Begin PBXFrameworksBuildPhase section */
		849FB43C1B28CFE40096D0AD /* Frameworks */ = {
			isa = PBXFrameworksBuildPhase;
			buildActionMask = 2147483647;
			files = (
			);
			runOnlyForDeploymentPostprocessing = 0;
		};
		849FB4551B28CFE40096D0AD /* Frameworks */ = {
			isa = PBXFrameworksBuildPhase;
			buildActionMask = 2147483647;
			files = (
			);
			runOnlyForDeploymentPostprocessing = 0;
		};
/* End PBXFrameworksBuildPhase section */

/* Begin PBXGroup section */
		849FB4361B28CFE40096D0AD = {
			isa = PBXGroup;
			children = (
				849FB4411B28CFE40096D0AD /* TSYHomeworkUI */,
				849FB45B1B28CFE40096D0AD /* TSYHomeworkUITests */,
				849FB4401B28CFE40096D0AD /* Products */,
			);
			sourceTree = "<group>";
		};
		849FB4401B28CFE40096D0AD /* Products */ = {
			isa = PBXGroup;
			children = (
				849FB43F1B28CFE40096D0AD /* TSYHomeworkUI.app */,
				849FB4581B28CFE40096D0AD /* TSYHomeworkUITests.xctest */,
			);
			name = Products;
			sourceTree = "<group>";
		};
		849FB4411B28CFE40096D0AD /* TSYHomeworkUI */ = {
			isa = PBXGroup;
			children = (
				849FB4461B28CFE40096D0AD /* AppDelegate.h */,
				849FB4471B28CFE40096D0AD /* AppDelegate.m */,
				849FB4491B28CFE40096D0AD /* ViewController.h */,
				849FB44A1B28CFE40096D0AD /* ViewController.m */,
				849FB44C1B28CFE40096D0AD /* Main.storyboard */,
				849FB44F1B28CFE40096D0AD /* Images.xcassets */,
				849FB4511B28CFE40096D0AD /* LaunchScreen.xib */,
				849FB4421B28CFE40096D0AD /* Supporting Files */,
			);
			path = TSYHomeworkUI;
			sourceTree = "<group>";
		};
		849FB4421B28CFE40096D0AD /* Supporting Files */ = {
			isa = PBXGroup;
			children = (
				849FB4431B28CFE40096D0AD /* Info.plist */,
				849FB4441B28CFE40096D0AD /* main.m */,
			);
			name = "Supporting Files";
			sourceTree = "<group>";
		};
		849FB45B1B28CFE40096D0AD /* TSYHomeworkUITests */ = {
			isa = PBXGroup;
			children = (
				849FB45E1B28CFE40096D0AD /* TSYHomeworkUITests.m */,
				849FB45C1B28CFE40096D0AD /* Supporting Files */,
			);
			path = TSYHomeworkUITests;
			sourceTree = "<group>";
		};
		849FB45C1B28CFE40096D0AD /* Supporting Files */ = {
			isa = PBXGroup;
			children = (
				849FB45D1B28CFE40096D0AD /* Info.plist */,
			);
			name = "Supporting Files";
			sourceTree = "<group>";
		};
/* End PBXGroup section */

/* Begin PBXNativeTarget section */
		849FB43E1B28CFE40096D0AD /* TSYHomeworkUI */ = {
			isa = PBXNativeTarget;
			buildConfigurationList = 849FB4621B28CFE40096D0AD /* Build configuration list for PBXNativeTarget "TSYHomeworkUI" */;
			buildPhases = (
				849FB43B1B28CFE40096D0AD /* Sources */,
				849FB43C1B28CFE40096D0AD /* Frameworks */,
				849FB43D1B28CFE40096D0AD /* Resources */,
			);
			buildRules = (
			);
			dependencies = (
			);
			name = TSYHomeworkUI;
			productName = TSYHomeworkUI;
			productReference = 849FB43F1B28CFE40096D0AD /* TSYHomeworkUI.app */;
			productType = "com.apple.product-type.application";
		};
		849FB4571B28CFE40096D0AD /* TSYHomeworkUITests */ = {
			isa = PBXNativeTarget;
			buildConfigurationList = 849FB4651B28CFE40096D0AD /* Build configuration list for PBXNativeTarget "TSYHomeworkUITests" */;
			buildPhases = (
				849FB4541B28CFE40096D0AD /* Sources */,
				849FB4551B28CFE40096D0AD /* Frameworks */,
				849FB4561B28CFE40096D0AD /* Resources */,
			);
			buildRules = (
			);
			dependencies = (
				849FB45A1B28CFE40096D0AD /* PBXTargetDependency */,
			);
			name = TSYHomeworkUITests;
			productName = TSYHomeworkUITests;
			productReference = 849FB4581B28CFE40096D0AD /* TSYHomeworkUITests.xctest */;
			productType = "com.apple.product-type.bundle.unit-test";
		};
/* End PBXNativeTarget section */

/* Begin PBXProject section */
		849FB4371B28CFE40096D0AD /* Project object */ = {
			isa = PBXProject;
			attributes = {
				LastUpgradeCheck = 0610;
				ORGANIZATIONNAME = Admin;
				TargetAttributes = {
					849FB43E1B28CFE40096D0AD = {
						CreatedOnToolsVersion = 6.1.1;
					};
					849FB4571B28CFE40096D0AD = {
						CreatedOnToolsVersion = 6.1.1;
						TestTargetID = 849FB43E1B28CFE40096D0AD;
					};
				};
			};
			buildConfigurationList = 849FB43A1B28CFE40096D0AD /* Build configuration list for PBXProject "TSYHomeworkUI" */;
			compatibilityVersion = "Xcode 3.2";
			developmentRegion = English;
			hasScannedForEncodings = 0;
			knownRegions = (
				en,
				Base,
			);
			mainGroup = 849FB4361B28CFE40096D0AD;
			productRefGroup = 849FB4401B28CFE40096D0AD /* Products */;
			projectDirPath = "";
			projectRoot = "";
			targets = (
				849FB43E1B28CFE40096D0AD /* TSYHomeworkUI */,
				849FB4571B28CFE40096D0AD /* TSYHomeworkUITests */,
			);
		};
/* End PBXProject section */

/* Begin PBXResourcesBuildPhase section */
		849FB43D1B28CFE40096D0AD /* Resources */ = {
			isa = PBXResourcesBuildPhase;
			buildActionMask = 2147483647;
			files = (
				849FB44E1B28CFE40096D0AD /* Main.storyboard in Resources */,
				849FB4531B28CFE40096D0AD /* LaunchScreen.xib in Resources */,
				849FB4501B28CFE40096D0AD /* Images.xcassets in Resources */,
			);
			runOnlyForDeploymentPostprocessing = 0;
		};
		849FB4561B28CFE40096D0AD /* Resources */ = {
			isa = PBXResourcesBuildPhase;
			buildActionMask = 2147483647;
			files = (
			);
			runOnlyForDeploymentPostprocessing = 0;
		};
/* End PBXResourcesBuildPhase section */

/* Begin PBXSourcesBuildPhase section */
		849FB43B1B28CFE40096D0AD /* Sources */ = {
			isa = PBXSourcesBuildPhase;
			buildActionMask = 2147483647;
			files = (
				849FB44B1B28CFE40096D0AD /* ViewController.m in Sources */,
				849FB4481B28CFE40096D0AD /* AppDelegate.m in Sources */,
				849FB4451B28CFE40096D0AD /* main.m in Sources */,
			);
			runOnlyForDeploymentPostprocessing = 0;
		};
		849FB4541B28CFE40096D0AD /* Sources */ = {
			isa = PBXSourcesBuildPhase;
			buildActionMask = 2147483647;
			files = (
				849FB45F1B28CFE40096D0AD /* TSYHomeworkUITests.m in Sources */,
			);
			runOnlyForDeploymentPostprocessing = 0;
		};
/* End PBXSourcesBuildPhase section */

/* Begin PBXTargetDependency section */
		849FB45A1B28CFE40096D0AD /* PBXTargetDependency */ = {
			isa = PBXTargetDependency;
			target = 849FB43E1B28CFE40096D0AD /* TSYHomeworkUI */;
			targetProxy = 849FB4591B28CFE40096D0AD /* PBXContainerItemProxy */;
		};
/* End PBXTargetDependency section */

/* Begin PBXVariantGroup section */
		849FB44C1B28CFE40096D0AD /* Main.storyboard */ = {
			isa = PBXVariantGroup;
			children = (
				849FB44D1B28CFE40096D0AD /* Base */,
			);
			name = Main.storyboard;
			sourceTree = "<group>";
		};
		849FB4511B28CFE40096D0AD /* LaunchScreen.xib */ = {
			isa = PBXVariantGroup;
			children = (
				849FB4521B28CFE40096D0AD /* Base */,
			);
			name = LaunchScreen.xib;
			sourceTree = "<group>";
		};
/* End PBXVariantGroup section */

/* Begin XCBuildConfiguration section */
		849FB4601B28CFE40096D0AD /* Debug */ = {
			isa = XCBuildConfiguration;
			buildSettings = {
				ALWAYS_SEARCH_USER_PATHS = NO;
				CLANG_CXX_LANGUAGE_STANDARD = "gnu++0x";
				CLANG_CXX_LIBRARY = "libc++";
				CLANG_ENABLE_MODULES = YES;
				CLANG_ENABLE_OBJC_ARC = YES;
				CLANG_WARN_BOOL_CONVERSION = YES;
				CLANG_WARN_CONSTANT_CONVERSION = YES;
				CLANG_WARN_DIRECT_OBJC_ISA_USAGE = YES_ERROR;
				CLANG_WARN_EMPTY_BODY = YES;
				CLANG_WARN_ENUM_CONVERSION = YES;
				CLANG_WARN_INT_CONVERSION = YES;
				CLANG_WARN_OBJC_ROOT_CLASS = YES_ERROR;
				CLANG_WARN_UNREACHABLE_CODE = YES;
				CLANG_WARN__DUPLICATE_METHOD_MATCH = YES;
				"CODE_SIGN_IDENTITY[sdk=iphoneos*]" = "iPhone Developer";
				COPY_PHASE_STRIP = NO;
				ENABLE_STRICT_OBJC_MSGSEND = YES;
				GCC_C_LANGUAGE_STANDARD = gnu99;
				GCC_DYNAMIC_NO_PIC = NO;
				GCC_OPTIMIZATION_LEVEL = 0;
				GCC_PREPROCESSOR_DEFINITIONS = (
					"DEBUG=1",
					"$(inherited)",
				);
				GCC_SYMBOLS_PRIVATE_EXTERN = NO;
				GCC_WARN_64_TO_32_BIT_CONVERSION = YES;
				GCC_WARN_ABOUT_RETURN_TYPE = YES_ERROR;
				GCC_WARN_UNDECLARED_SELECTOR = YES;
				GCC_WARN_UNINITIALIZED_AUTOS = YES_AGGRESSIVE;
				GCC_WARN_UNUSED_FUNCTION = YES;
				GCC_WARN_UNUSED_VARIABLE = YES;
				IPHONEOS_DEPLOYMENT_TARGET = 8.1;
				MTL_ENABLE_DEBUG_INFO = YES;
				ONLY_ACTIVE_ARCH = YES;
				SDKROOT = iphoneos;
			};
			name = Debug;
		};
		849FB4611B28CFE40096D0AD /* Release */ = {
			isa = XCBuildConfiguration;
			buildSettings = {
				ALWAYS_SEARCH_USER_PATHS = NO;
				CLANG_CXX_LANGUAGE_STANDARD = "gnu++0x";
				CLANG_CXX_LIBRARY = "libc++";
				CLANG_ENABLE_MODULES = YES;
				CLANG_ENABLE_OBJC_ARC = YES;
				CLANG_WARN_BOOL_CONVERSION = YES;
				CLANG_WARN_CONSTANT_CONVERSION = YES;
				CLANG_WARN_DIRECT_OBJC_ISA_USAGE = YES_ERROR;
				CLANG_WARN_EMPTY_BODY = YES;
				CLANG_WARN_ENUM_CONVERSION = YES;
				CLANG_WARN_INT_CONVERSION = YES;
				CLANG_WARN_OBJC_ROOT_CLASS = YES_ERROR;
				CLANG_WARN_UNREACHABLE_CODE = YES;
				CLANG_WARN__DUPLICATE_METHOD_MATCH = YES;
				"CODE_SIGN_IDENTITY[sdk=iphoneos*]" = "iPhone Developer";
				COPY_PHASE_STRIP = YES;
				ENABLE_NS_ASSERTIONS = NO;
				ENABLE_STRICT_OBJC_MSGSEND = YES;
				GCC_C_LANGUAGE_STANDARD = gnu99;
				GCC_WARN_64_TO_32_BIT_CONVERSION = YES;
				GCC_WARN_ABOUT_RETURN_TYPE = YES_ERROR;
				GCC_WARN_UNDECLARED_SELECTOR = YES;
				GCC_WARN_UNINITIALIZED_AUTOS = YES_AGGRESSIVE;
				GCC_WARN_UNUSED_FUNCTION = YES;
				GCC_WARN_UNUSED_VARIABLE = YES;
				IPHONEOS_DEPLOYMENT_TARGET = 8.1;
				MTL_ENABLE_DEBUG_INFO = NO;
				SDKROOT = iphoneos;
				VALIDATE_PRODUCT = YES;
			};
			name = Release;
		};
		849FB4631B28CFE40096D0AD /* Debug */ = {
			isa = XCBuildConfiguration;
			buildSettings = {
				ASSETCATALOG_COMPILER_APPICON_NAME = AppIcon;
				INFOPLIST_FILE = TSYHomeworkUI/Info.plist;
				LD_RUNPATH_SEARCH_PATHS = "$(inherited) @executable_path/Frameworks";
				PRODUCT_NAME = "$(TARGET_NAME)";
			};
			name = Debug;
		};
		849FB4641B28CFE40096D0AD /* Release */ = {
			isa = XCBuildConfiguration;
			buildSettings = {
				ASSETCATALOG_COMPILER_APPICON_NAME = AppIcon;
				INFOPLIST_FILE = TSYHomeworkUI/Info.plist;
				LD_RUNPATH_SEARCH_PATHS = "$(inherited) @executable_path/Frameworks";
				PRODUCT_NAME = "$(TARGET_NAME)";
			};
			name = Release;
		};
		849FB4661B28CFE40096D0AD /* Debug */ = {
			isa = XCBuildConfiguration;
			buildSettings = {
				BUNDLE_LOADER = "$(TEST_HOST)";
				FRAMEWORK_SEARCH_PATHS = (
					"$(SDKROOT)/Developer/Library/Frameworks",
					"$(inherited)",
				);
				GCC_PREPROCESSOR_DEFINITIONS = (
					"DEBUG=1",
					"$(inherited)",
				);
				INFOPLIST_FILE = TSYHomeworkUITests/Info.plist;
				LD_RUNPATH_SEARCH_PATHS = "$(inherited) @executable_path/Frameworks @loader_path/Frameworks";
				PRODUCT_NAME = "$(TARGET_NAME)";
				TEST_HOST = "$(BUILT_PRODUCTS_DIR)/TSYHomeworkUI.app/TSYHomeworkUI";
			};
			name = Debug;
		};
		849FB4671B28CFE40096D0AD /* Release */ = {
			isa = XCBuildConfiguration;
			buildSettings = {
				BUNDLE_LOADER = "$(TEST_HOST)";
				FRAMEWORK_SEARCH_PATHS = (
					"$(SDKROOT)/Developer/Library/Frameworks",
					"$(inherited)",
				);
				INFOPLIST_FILE = TSYHomeworkUITests/Info.plist;
				LD_RUNPATH_SEARCH_PATHS = "$(inherited) @executable_path/Frameworks @loader_path/Frameworks";
				PRODUCT_NAME = "$(TARGET_NAME)";
				TEST_HOST = "$(BUILT_PRODUCTS_DIR)/TSYHomeworkUI.app/TSYHomeworkUI";
			};
			name = Release;
		};
/* End XCBuildConfiguration section */

/* Begin XCConfigurationList section */
		849FB43A1B28CFE40096D0AD /* Build configuration list for PBXProject "TSYHomeworkUI" */ = {
			isa = XCConfigurationList;
			buildConfigurations = (
				849FB4601B28CFE40096D0AD /* Debug */,
				849FB4611B28CFE40096D0AD /* Release */,
			);
			defaultConfigurationIsVisible = 0;
			defaultConfigurationName = Release;
		};
		849FB4621B28CFE40096D0AD /* Build configuration list for PBXNativeTarget "TSYHomeworkUI" */ = {
			isa = XCConfigurationList;
			buildConfigurations = (
				849FB4631B28CFE40096D0AD /* Debug */,
				849FB4641B28CFE40096D0AD /* Release */,
			);
			defaultConfigurationIsVisible = 0;
		};
		849FB4651B28CFE40096D0AD /* Build configuration list for PBXNativeTarget "TSYHomeworkUITests" */ = {
			isa = XCConfigurationList;
			buildConfigurations = (
				849FB4661B28CFE40096D0AD /* Debug */,
				849FB4671B28CFE40096D0AD /* Release */,
			);
			defaultConfigurationIsVisible = 0;
		};
/* End XCConfigurationList section */
	};
	rootObject = 849FB4371B28CFE40096D0AD /* Project object */;
}
