// !$*UTF8*$!
{
	archiveVersion = 1;
	classes = {
	};
	objectVersion = 46;
	objects = {

/* Begin PBXBuildFile section */
		564CE81C0870301687525CD3 /* libPods-TSYHomeworkUITests.a in Frameworks */ = {isa = PBXBuildFile; fileRef = 40611F751661DB17CE194DA3 /* libPods-TSYHomeworkUITests.a */; };
		849DAF171B3414CA0034D221 /* TSYMacros.m in Sources */ = {isa = PBXBuildFile; fileRef = 849DAF161B3414CA0034D221 /* TSYMacros.m */; };
		849F4B131B5FAE8E00B9DEED /* TSYViewController.m in Sources */ = {isa = PBXBuildFile; fileRef = 849F4B111B5FAE8E00B9DEED /* TSYViewController.m */; };
		849F4B141B5FAE8E00B9DEED /* TSYViewController.xib in Resources */ = {isa = PBXBuildFile; fileRef = 849F4B121B5FAE8E00B9DEED /* TSYViewController.xib */; };
		849F4B181B5FAEE800B9DEED /* TSYLoginViewController.m in Sources */ = {isa = PBXBuildFile; fileRef = 849F4B161B5FAEE800B9DEED /* TSYLoginViewController.m */; };
		849F4B191B5FAEE800B9DEED /* TSYLoginViewController.xib in Resources */ = {isa = PBXBuildFile; fileRef = 849F4B171B5FAEE800B9DEED /* TSYLoginViewController.xib */; };
		849F4B251B5FAFA400B9DEED /* TSYFriendsViewController.m in Sources */ = {isa = PBXBuildFile; fileRef = 849F4B231B5FAFA400B9DEED /* TSYFriendsViewController.m */; };
		849F4B261B5FAFA400B9DEED /* TSYFriendsViewController.xib in Resources */ = {isa = PBXBuildFile; fileRef = 849F4B241B5FAFA400B9DEED /* TSYFriendsViewController.xib */; };
		849F4B2E1B5FB9C800B9DEED /* TSYLoginView.m in Sources */ = {isa = PBXBuildFile; fileRef = 849F4B2D1B5FB9C800B9DEED /* TSYLoginView.m */; };
		849F4B331B5FD01200B9DEED /* TSYFBUserModel.m in Sources */ = {isa = PBXBuildFile; fileRef = 849F4B321B5FD01200B9DEED /* TSYFBUserModel.m */; };
		849F68B31B55438A007DCFDE /* TSYImageModel.m in Sources */ = {isa = PBXBuildFile; fileRef = 849F68B21B55438A007DCFDE /* TSYImageModel.m */; };
		849F723A1B3BEBFA00869AD4 /* NSMutableArray+TSYCategory.m in Sources */ = {isa = PBXBuildFile; fileRef = 849F72391B3BEBFA00869AD4 /* NSMutableArray+TSYCategory.m */; };
		849F723E1B3BF09200869AD4 /* TSYTableChange.m in Sources */ = {isa = PBXBuildFile; fileRef = 849F723D1B3BF09200869AD4 /* TSYTableChange.m */; };
		849F72421B3C247000869AD4 /* UITableView+TSYCategory.m in Sources */ = {isa = PBXBuildFile; fileRef = 849F72411B3C247000869AD4 /* UITableView+TSYCategory.m */; };
		849FB49F1B28E9460096D0AD /* Info.plist in Resources */ = {isa = PBXBuildFile; fileRef = 849FB49D1B28E9460096D0AD /* Info.plist */; };
		849FB4A01B28E9460096D0AD /* main.m in Sources */ = {isa = PBXBuildFile; fileRef = 849FB49E1B28E9460096D0AD /* main.m */; };
		849FB4A41B28E96E0096D0AD /* Info.plist in Resources */ = {isa = PBXBuildFile; fileRef = 849FB4A21B28E96E0096D0AD /* Info.plist */; };
		849FB4A51B28E96E0096D0AD /* TSYHomeworkUITests.m in Sources */ = {isa = PBXBuildFile; fileRef = 849FB4A31B28E96E0096D0AD /* TSYHomeworkUITests.m */; };
		849FB4B51B28E98E0096D0AD /* Images.xcassets in Resources */ = {isa = PBXBuildFile; fileRef = 849FB4AB1B28E98E0096D0AD /* Images.xcassets */; };
		849FB4B61B28E98E0096D0AD /* Images.xcassets in Resources */ = {isa = PBXBuildFile; fileRef = 849FB4AB1B28E98E0096D0AD /* Images.xcassets */; };
		849FB4BE1B28ED760096D0AD /* TSYAppDelegate.m in Sources */ = {isa = PBXBuildFile; fileRef = 849FB4BD1B28ED760096D0AD /* TSYAppDelegate.m */; };
		84A10F8F1B5657A9007CE765 /* TSYImageView.m in Sources */ = {isa = PBXBuildFile; fileRef = 84A10F8E1B5657A9007CE765 /* TSYImageView.m */; };
		84A1467B1B55A87700439875 /* TSYArrayModel.m in Sources */ = {isa = PBXBuildFile; fileRef = 84A1467A1B55A87700439875 /* TSYArrayModel.m */; };
		84A196311B321AF900C5CE0E /* TSYTableView.m in Sources */ = {isa = PBXBuildFile; fileRef = 84A1962B1B321AF900C5CE0E /* TSYTableView.m */; };
		84A196321B321AF900C5CE0E /* TSYTableViewController.m in Sources */ = {isa = PBXBuildFile; fileRef = 84A1962D1B321AF900C5CE0E /* TSYTableViewController.m */; };
		84A196331B321AF900C5CE0E /* TSYTableViewController.xib in Resources */ = {isa = PBXBuildFile; fileRef = 84A1962E1B321AF900C5CE0E /* TSYTableViewController.xib */; };
		84A1A3471B618C65007C980C /* TSYContext.m in Sources */ = {isa = PBXBuildFile; fileRef = 84A1A3401B618C65007C980C /* TSYContext.m */; };
		84A1C3061B341B4200DC7198 /* TSYTableCell.m in Sources */ = {isa = PBXBuildFile; fileRef = 84A1C3041B341B4200DC7198 /* TSYTableCell.m */; };
		84A1C3071B341B4200DC7198 /* TSYTableCell.xib in Resources */ = {isa = PBXBuildFile; fileRef = 84A1C3051B341B4200DC7198 /* TSYTableCell.xib */; };
		84A1EFE61B31A2A30037A3B7 /* TSYSquareView.m in Sources */ = {isa = PBXBuildFile; fileRef = 84A1EFE21B31A2A30037A3B7 /* TSYSquareView.m */; };
		84A1EFE71B31A2A30037A3B7 /* TSYSquareViewController.m in Sources */ = {isa = PBXBuildFile; fileRef = 84A1EFE41B31A2A30037A3B7 /* TSYSquareViewController.m */; };
		84A1EFE81B31A2A30037A3B7 /* TSYSquareViewController.xib in Resources */ = {isa = PBXBuildFile; fileRef = 84A1EFE51B31A2A30037A3B7 /* TSYSquareViewController.xib */; };
		84A26DF81B3CA4B200812575 /* TSYTableCellMovingPath.m in Sources */ = {isa = PBXBuildFile; fileRef = 84A26DF71B3CA4B200812575 /* TSYTableCellMovingPath.m */; };
		84A285D61B39745B00D52615 /* image.jpg in Resources */ = {isa = PBXBuildFile; fileRef = 84A285D51B39745B00D52615 /* image.jpg */; };
		84A285D81B3974B900D52615 /* LaunchScreen.xib in Resources */ = {isa = PBXBuildFile; fileRef = 84A285D71B3974B900D52615 /* LaunchScreen.xib */; };
		84A285DC1B39781300D52615 /* TSYObservableObject.m in Sources */ = {isa = PBXBuildFile; fileRef = 84A285DB1B39781300D52615 /* TSYObservableObject.m */; };
		84A30E631B433092005F8EA6 /* NSArray+TSYCategory.m in Sources */ = {isa = PBXBuildFile; fileRef = 84A30E621B433092005F8EA6 /* NSArray+TSYCategory.m */; };
		84A30E671B434D81005F8EA6 /* TSYLoadingView.m in Sources */ = {isa = PBXBuildFile; fileRef = 84A30E661B434D81005F8EA6 /* TSYLoadingView.m */; };
		84A30E6B1B434DD6005F8EA6 /* TSYLoadingView.xib in Resources */ = {isa = PBXBuildFile; fileRef = 84A30E6A1B434DD6005F8EA6 /* TSYLoadingView.xib */; };
		84A30E6F1B435110005F8EA6 /* TSYModel.m in Sources */ = {isa = PBXBuildFile; fileRef = 84A30E6E1B435110005F8EA6 /* TSYModel.m */; };
		84A3336A1B5A5FD500F44720 /* NSURLSession+TSYCategory.m in Sources */ = {isa = PBXBuildFile; fileRef = 84A333691B5A5FD500F44720 /* NSURLSession+TSYCategory.m */; };
		84A39E6D1B4BD9FD00BFDFB0 /* NSFileManager+TSYCategory.m in Sources */ = {isa = PBXBuildFile; fileRef = 84A39E6C1B4BD9FD00BFDFB0 /* NSFileManager+TSYCategory.m */; };
		84A8D3611B64C8730083FE71 /* TSYView.m in Sources */ = {isa = PBXBuildFile; fileRef = 84A8D3601B64C8730083FE71 /* TSYView.m */; };
		84A8E1B71B6625CD004B9394 /* TSYUserDetailView.m in Sources */ = {isa = PBXBuildFile; fileRef = 84A8E1B31B6625CD004B9394 /* TSYUserDetailView.m */; };
		84A8E1B81B6625CD004B9394 /* TSYUserDetailViewController.m in Sources */ = {isa = PBXBuildFile; fileRef = 84A8E1B51B6625CD004B9394 /* TSYUserDetailViewController.m */; };
		84A8E1B91B6625CD004B9394 /* TSYUserDetailViewController.xib in Resources */ = {isa = PBXBuildFile; fileRef = 84A8E1B61B6625CD004B9394 /* TSYUserDetailViewController.xib */; };
		84A8E1BD1B662A07004B9394 /* TSYFacebookUserInfoContext.m in Sources */ = {isa = PBXBuildFile; fileRef = 84A8E1BC1B662A07004B9394 /* TSYFacebookUserInfoContext.m */; };
		84A8E1C11B662DAD004B9394 /* TSYFacebookLoginContext.m in Sources */ = {isa = PBXBuildFile; fileRef = 84A8E1C01B662DAD004B9394 /* TSYFacebookLoginContext.m */; };
		84AE8DD91B586537003C808D /* TSYImageModelCache.m in Sources */ = {isa = PBXBuildFile; fileRef = 84AE8DD81B586537003C808D /* TSYImageModelCache.m */; };
		84BD0D591B414F9C00349DE5 /* UINib+TSYCategory.m in Sources */ = {isa = PBXBuildFile; fileRef = 84BD0D581B414F9C00349DE5 /* UINib+TSYCategory.m */; };
		84BD0D5E1B41F74200349DE5 /* NSIndexPath+TSYCategory.m in Sources */ = {isa = PBXBuildFile; fileRef = 84BD0D5D1B41F74200349DE5 /* NSIndexPath+TSYCategory.m */; };
		84BD0D611B41FAA400349DE5 /* NSBundle+TSYCategory.m in Sources */ = {isa = PBXBuildFile; fileRef = 84BD0D601B41FAA400349DE5 /* NSBundle+TSYCategory.m */; };
		84BF5F031B32D04400932154 /* TSYUser.m in Sources */ = {isa = PBXBuildFile; fileRef = 84BF5F021B32D04400932154 /* TSYUser.m */; };
		84BF5F071B32D09900932154 /* TSYUsers.m in Sources */ = {isa = PBXBuildFile; fileRef = 84BF5F061B32D09900932154 /* TSYUsers.m */; };
		84BF5F181B32FB0100932154 /* NSString+TSYAlphabet.m in Sources */ = {isa = PBXBuildFile; fileRef = 84BF5F0C1B32FB0100932154 /* NSString+TSYAlphabet.m */; };
		84BF5F191B32FB0100932154 /* NSString+TSYRandomName.m in Sources */ = {isa = PBXBuildFile; fileRef = 84BF5F0E1B32FB0100932154 /* NSString+TSYRandomName.m */; };
		84BF5F1A1B32FB0100932154 /* NSString+TSYRandomString.m in Sources */ = {isa = PBXBuildFile; fileRef = 84BF5F101B32FB0100932154 /* NSString+TSYRandomString.m */; };
		84BF5F1C1B32FB0100932154 /* UIWindow+TSYCategories.m in Sources */ = {isa = PBXBuildFile; fileRef = 84BF5F161B32FB0100932154 /* UIWindow+TSYCategories.m */; };
		84BF5F201B33002900932154 /* TSYTableViewCell.m in Sources */ = {isa = PBXBuildFile; fileRef = 84BF5F1F1B33002900932154 /* TSYTableViewCell.m */; };
		B66C1EB5621F627838B6B349 /* libPods-TSYHomeworkUI.a in Frameworks */ = {isa = PBXBuildFile; fileRef = C132934795E0C704DDF4C90D /* libPods-TSYHomeworkUI.a */; };
/* End PBXBuildFile section */

/* Begin PBXContainerItemProxy section */
		849FB48D1B28E5C90096D0AD /* PBXContainerItemProxy */ = {
			isa = PBXContainerItemProxy;
			containerPortal = 849FB46B1B28E5C90096D0AD /* Project object */;
			proxyType = 1;
			remoteGlobalIDString = 849FB4721B28E5C90096D0AD;
			remoteInfo = TSYHomeworkUI;
		};
/* End PBXContainerItemProxy section */

/* Begin PBXFileReference section */
		0CF052DCE509C1B7489F499E /* Pods-TSYHomeworkUITests.debug.xcconfig */ = {isa = PBXFileReference; includeInIndex = 1; lastKnownFileType = text.xcconfig; name = "Pods-TSYHomeworkUITests.debug.xcconfig"; path = "Pods/Target Support Files/Pods-TSYHomeworkUITests/Pods-TSYHomeworkUITests.debug.xcconfig"; sourceTree = "<group>"; };
		1D345500940DBD8BDD778371 /* Pods-TSYHomeworkUI.debug.xcconfig */ = {isa = PBXFileReference; includeInIndex = 1; lastKnownFileType = text.xcconfig; name = "Pods-TSYHomeworkUI.debug.xcconfig"; path = "Pods/Target Support Files/Pods-TSYHomeworkUI/Pods-TSYHomeworkUI.debug.xcconfig"; sourceTree = "<group>"; };
		40611F751661DB17CE194DA3 /* libPods-TSYHomeworkUITests.a */ = {isa = PBXFileReference; explicitFileType = archive.ar; includeInIndex = 0; path = "libPods-TSYHomeworkUITests.a"; sourceTree = BUILT_PRODUCTS_DIR; };
		4758F823E14E040E645FB6A2 /* Pods-TSYHomeworkUITests.release.xcconfig */ = {isa = PBXFileReference; includeInIndex = 1; lastKnownFileType = text.xcconfig; name = "Pods-TSYHomeworkUITests.release.xcconfig"; path = "Pods/Target Support Files/Pods-TSYHomeworkUITests/Pods-TSYHomeworkUITests.release.xcconfig"; sourceTree = "<group>"; };
		5621AA98C7DC7518DA3488F2 /* Pods-TSYHomeworkUI.release.xcconfig */ = {isa = PBXFileReference; includeInIndex = 1; lastKnownFileType = text.xcconfig; name = "Pods-TSYHomeworkUI.release.xcconfig"; path = "Pods/Target Support Files/Pods-TSYHomeworkUI/Pods-TSYHomeworkUI.release.xcconfig"; sourceTree = "<group>"; };
		849DAF151B3414CA0034D221 /* TSYMacros.h */ = {isa = PBXFileReference; fileEncoding = 4; lastKnownFileType = sourcecode.c.h; path = TSYMacros.h; sourceTree = "<group>"; };
		849DAF161B3414CA0034D221 /* TSYMacros.m */ = {isa = PBXFileReference; fileEncoding = 4; lastKnownFileType = sourcecode.c.objc; path = TSYMacros.m; sourceTree = "<group>"; };
		849F4B101B5FAE8E00B9DEED /* TSYViewController.h */ = {isa = PBXFileReference; fileEncoding = 4; lastKnownFileType = sourcecode.c.h; path = TSYViewController.h; sourceTree = "<group>"; };
		849F4B111B5FAE8E00B9DEED /* TSYViewController.m */ = {isa = PBXFileReference; fileEncoding = 4; lastKnownFileType = sourcecode.c.objc; path = TSYViewController.m; sourceTree = "<group>"; };
		849F4B121B5FAE8E00B9DEED /* TSYViewController.xib */ = {isa = PBXFileReference; fileEncoding = 4; lastKnownFileType = file.xib; path = TSYViewController.xib; sourceTree = "<group>"; };
		849F4B151B5FAEE800B9DEED /* TSYLoginViewController.h */ = {isa = PBXFileReference; fileEncoding = 4; lastKnownFileType = sourcecode.c.h; path = TSYLoginViewController.h; sourceTree = "<group>"; };
		849F4B161B5FAEE800B9DEED /* TSYLoginViewController.m */ = {isa = PBXFileReference; fileEncoding = 4; lastKnownFileType = sourcecode.c.objc; path = TSYLoginViewController.m; sourceTree = "<group>"; };
		849F4B171B5FAEE800B9DEED /* TSYLoginViewController.xib */ = {isa = PBXFileReference; fileEncoding = 4; lastKnownFileType = file.xib; path = TSYLoginViewController.xib; sourceTree = "<group>"; };
		849F4B221B5FAFA400B9DEED /* TSYFriendsViewController.h */ = {isa = PBXFileReference; fileEncoding = 4; lastKnownFileType = sourcecode.c.h; path = TSYFriendsViewController.h; sourceTree = "<group>"; };
		849F4B231B5FAFA400B9DEED /* TSYFriendsViewController.m */ = {isa = PBXFileReference; fileEncoding = 4; lastKnownFileType = sourcecode.c.objc; path = TSYFriendsViewController.m; sourceTree = "<group>"; };
		849F4B241B5FAFA400B9DEED /* TSYFriendsViewController.xib */ = {isa = PBXFileReference; fileEncoding = 4; lastKnownFileType = file.xib; path = TSYFriendsViewController.xib; sourceTree = "<group>"; };
		849F4B2C1B5FB9C800B9DEED /* TSYLoginView.h */ = {isa = PBXFileReference; fileEncoding = 4; lastKnownFileType = sourcecode.c.h; path = TSYLoginView.h; sourceTree = "<group>"; };
		849F4B2D1B5FB9C800B9DEED /* TSYLoginView.m */ = {isa = PBXFileReference; fileEncoding = 4; lastKnownFileType = sourcecode.c.objc; path = TSYLoginView.m; sourceTree = "<group>"; };
		849F4B311B5FD01200B9DEED /* TSYFBUserModel.h */ = {isa = PBXFileReference; fileEncoding = 4; lastKnownFileType = sourcecode.c.h; path = TSYFBUserModel.h; sourceTree = "<group>"; };
		849F4B321B5FD01200B9DEED /* TSYFBUserModel.m */ = {isa = PBXFileReference; fileEncoding = 4; lastKnownFileType = sourcecode.c.objc; path = TSYFBUserModel.m; sourceTree = "<group>"; };
		849F68B11B55438A007DCFDE /* TSYImageModel.h */ = {isa = PBXFileReference; fileEncoding = 4; lastKnownFileType = sourcecode.c.h; path = TSYImageModel.h; sourceTree = "<group>"; };
		849F68B21B55438A007DCFDE /* TSYImageModel.m */ = {isa = PBXFileReference; fileEncoding = 4; lastKnownFileType = sourcecode.c.objc; path = TSYImageModel.m; sourceTree = "<group>"; };
		849F72381B3BEBFA00869AD4 /* NSMutableArray+TSYCategory.h */ = {isa = PBXFileReference; fileEncoding = 4; lastKnownFileType = sourcecode.c.h; path = "NSMutableArray+TSYCategory.h"; sourceTree = "<group>"; };
		849F72391B3BEBFA00869AD4 /* NSMutableArray+TSYCategory.m */ = {isa = PBXFileReference; fileEncoding = 4; lastKnownFileType = sourcecode.c.objc; path = "NSMutableArray+TSYCategory.m"; sourceTree = "<group>"; };
		849F723C1B3BF09200869AD4 /* TSYTableChange.h */ = {isa = PBXFileReference; fileEncoding = 4; lastKnownFileType = sourcecode.c.h; path = TSYTableChange.h; sourceTree = "<group>"; };
		849F723D1B3BF09200869AD4 /* TSYTableChange.m */ = {isa = PBXFileReference; fileEncoding = 4; lastKnownFileType = sourcecode.c.objc; path = TSYTableChange.m; sourceTree = "<group>"; };
		849F72401B3C247000869AD4 /* UITableView+TSYCategory.h */ = {isa = PBXFileReference; fileEncoding = 4; lastKnownFileType = sourcecode.c.h; path = "UITableView+TSYCategory.h"; sourceTree = "<group>"; };
		849F72411B3C247000869AD4 /* UITableView+TSYCategory.m */ = {isa = PBXFileReference; fileEncoding = 4; lastKnownFileType = sourcecode.c.objc; path = "UITableView+TSYCategory.m"; sourceTree = "<group>"; };
		849FB4731B28E5C90096D0AD /* TSYHomeworkUI.app */ = {isa = PBXFileReference; explicitFileType = wrapper.application; includeInIndex = 0; path = TSYHomeworkUI.app; sourceTree = BUILT_PRODUCTS_DIR; };
		849FB48C1B28E5C90096D0AD /* TSYHomeworkUITests.xctest */ = {isa = PBXFileReference; explicitFileType = wrapper.cfbundle; includeInIndex = 0; path = TSYHomeworkUITests.xctest; sourceTree = BUILT_PRODUCTS_DIR; };
		849FB49D1B28E9460096D0AD /* Info.plist */ = {isa = PBXFileReference; fileEncoding = 4; lastKnownFileType = text.plist.xml; path = Info.plist; sourceTree = "<group>"; };
		849FB49E1B28E9460096D0AD /* main.m */ = {isa = PBXFileReference; fileEncoding = 4; lastKnownFileType = sourcecode.c.objc; path = main.m; sourceTree = "<group>"; };
		849FB4A21B28E96E0096D0AD /* Info.plist */ = {isa = PBXFileReference; fileEncoding = 4; lastKnownFileType = text.plist.xml; path = Info.plist; sourceTree = "<group>"; };
		849FB4A31B28E96E0096D0AD /* TSYHomeworkUITests.m */ = {isa = PBXFileReference; fileEncoding = 4; lastKnownFileType = sourcecode.c.objc; path = TSYHomeworkUITests.m; sourceTree = "<group>"; };
		849FB4AB1B28E98E0096D0AD /* Images.xcassets */ = {isa = PBXFileReference; lastKnownFileType = folder.assetcatalog; path = Images.xcassets; sourceTree = "<group>"; };
		849FB4BC1B28ED760096D0AD /* TSYAppDelegate.h */ = {isa = PBXFileReference; fileEncoding = 4; lastKnownFileType = sourcecode.c.h; path = TSYAppDelegate.h; sourceTree = "<group>"; };
		849FB4BD1B28ED760096D0AD /* TSYAppDelegate.m */ = {isa = PBXFileReference; fileEncoding = 4; lastKnownFileType = sourcecode.c.objc; path = TSYAppDelegate.m; sourceTree = "<group>"; };
		84A10F8D1B5657A9007CE765 /* TSYImageView.h */ = {isa = PBXFileReference; fileEncoding = 4; lastKnownFileType = sourcecode.c.h; path = TSYImageView.h; sourceTree = "<group>"; };
		84A10F8E1B5657A9007CE765 /* TSYImageView.m */ = {isa = PBXFileReference; fileEncoding = 4; lastKnownFileType = sourcecode.c.objc; path = TSYImageView.m; sourceTree = "<group>"; };
		84A146791B55A87700439875 /* TSYArrayModel.h */ = {isa = PBXFileReference; fileEncoding = 4; lastKnownFileType = sourcecode.c.h; path = TSYArrayModel.h; sourceTree = "<group>"; };
		84A1467A1B55A87700439875 /* TSYArrayModel.m */ = {isa = PBXFileReference; fileEncoding = 4; lastKnownFileType = sourcecode.c.objc; path = TSYArrayModel.m; sourceTree = "<group>"; };
		84A1962A1B321AF900C5CE0E /* TSYTableView.h */ = {isa = PBXFileReference; fileEncoding = 4; lastKnownFileType = sourcecode.c.h; path = TSYTableView.h; sourceTree = "<group>"; };
		84A1962B1B321AF900C5CE0E /* TSYTableView.m */ = {isa = PBXFileReference; fileEncoding = 4; lastKnownFileType = sourcecode.c.objc; path = TSYTableView.m; sourceTree = "<group>"; };
		84A1962C1B321AF900C5CE0E /* TSYTableViewController.h */ = {isa = PBXFileReference; fileEncoding = 4; lastKnownFileType = sourcecode.c.h; path = TSYTableViewController.h; sourceTree = "<group>"; };
		84A1962D1B321AF900C5CE0E /* TSYTableViewController.m */ = {isa = PBXFileReference; fileEncoding = 4; lastKnownFileType = sourcecode.c.objc; path = TSYTableViewController.m; sourceTree = "<group>"; };
		84A1962E1B321AF900C5CE0E /* TSYTableViewController.xib */ = {isa = PBXFileReference; fileEncoding = 4; lastKnownFileType = file.xib; path = TSYTableViewController.xib; sourceTree = "<group>"; };
		84A1A33F1B618C65007C980C /* TSYContext.h */ = {isa = PBXFileReference; fileEncoding = 4; lastKnownFileType = sourcecode.c.h; path = TSYContext.h; sourceTree = "<group>"; };
		84A1A3401B618C65007C980C /* TSYContext.m */ = {isa = PBXFileReference; fileEncoding = 4; lastKnownFileType = sourcecode.c.objc; path = TSYContext.m; sourceTree = "<group>"; };
		84A1C3031B341B4200DC7198 /* TSYTableCell.h */ = {isa = PBXFileReference; fileEncoding = 4; lastKnownFileType = sourcecode.c.h; path = TSYTableCell.h; sourceTree = "<group>"; };
		84A1C3041B341B4200DC7198 /* TSYTableCell.m */ = {isa = PBXFileReference; fileEncoding = 4; lastKnownFileType = sourcecode.c.objc; path = TSYTableCell.m; sourceTree = "<group>"; };
		84A1C3051B341B4200DC7198 /* TSYTableCell.xib */ = {isa = PBXFileReference; fileEncoding = 4; lastKnownFileType = file.xib; path = TSYTableCell.xib; sourceTree = "<group>"; };
		84A1C4E11B4E67D900A596F5 /* TSYLoadingViewProtocol.h */ = {isa = PBXFileReference; fileEncoding = 4; lastKnownFileType = sourcecode.c.h; path = TSYLoadingViewProtocol.h; sourceTree = "<group>"; };
		84A1EFE11B31A2A30037A3B7 /* TSYSquareView.h */ = {isa = PBXFileReference; fileEncoding = 4; lastKnownFileType = sourcecode.c.h; path = TSYSquareView.h; sourceTree = "<group>"; };
		84A1EFE21B31A2A30037A3B7 /* TSYSquareView.m */ = {isa = PBXFileReference; fileEncoding = 4; lastKnownFileType = sourcecode.c.objc; path = TSYSquareView.m; sourceTree = "<group>"; };
		84A1EFE31B31A2A30037A3B7 /* TSYSquareViewController.h */ = {isa = PBXFileReference; fileEncoding = 4; lastKnownFileType = sourcecode.c.h; path = TSYSquareViewController.h; sourceTree = "<group>"; };
		84A1EFE41B31A2A30037A3B7 /* TSYSquareViewController.m */ = {isa = PBXFileReference; fileEncoding = 4; lastKnownFileType = sourcecode.c.objc; path = TSYSquareViewController.m; sourceTree = "<group>"; };
		84A1EFE51B31A2A30037A3B7 /* TSYSquareViewController.xib */ = {isa = PBXFileReference; fileEncoding = 4; lastKnownFileType = file.xib; path = TSYSquareViewController.xib; sourceTree = "<group>"; };
		84A26DF61B3CA4B200812575 /* TSYTableCellMovingPath.h */ = {isa = PBXFileReference; fileEncoding = 4; lastKnownFileType = sourcecode.c.h; path = TSYTableCellMovingPath.h; sourceTree = "<group>"; };
		84A26DF71B3CA4B200812575 /* TSYTableCellMovingPath.m */ = {isa = PBXFileReference; fileEncoding = 4; lastKnownFileType = sourcecode.c.objc; path = TSYTableCellMovingPath.m; sourceTree = "<group>"; };
		84A285D51B39745B00D52615 /* image.jpg */ = {isa = PBXFileReference; lastKnownFileType = image.jpeg; path = image.jpg; sourceTree = "<group>"; };
		84A285D71B3974B900D52615 /* LaunchScreen.xib */ = {isa = PBXFileReference; fileEncoding = 4; lastKnownFileType = file.xib; path = LaunchScreen.xib; sourceTree = "<group>"; };
		84A285DA1B39781300D52615 /* TSYObservableObject.h */ = {isa = PBXFileReference; fileEncoding = 4; lastKnownFileType = sourcecode.c.h; path = TSYObservableObject.h; sourceTree = "<group>"; };
		84A285DB1B39781300D52615 /* TSYObservableObject.m */ = {isa = PBXFileReference; fileEncoding = 4; lastKnownFileType = sourcecode.c.objc; path = TSYObservableObject.m; sourceTree = "<group>"; };
		84A30E611B433092005F8EA6 /* NSArray+TSYCategory.h */ = {isa = PBXFileReference; fileEncoding = 4; lastKnownFileType = sourcecode.c.h; path = "NSArray+TSYCategory.h"; sourceTree = "<group>"; };
		84A30E621B433092005F8EA6 /* NSArray+TSYCategory.m */ = {isa = PBXFileReference; fileEncoding = 4; lastKnownFileType = sourcecode.c.objc; path = "NSArray+TSYCategory.m"; sourceTree = "<group>"; };
		84A30E651B434D81005F8EA6 /* TSYLoadingView.h */ = {isa = PBXFileReference; fileEncoding = 4; lastKnownFileType = sourcecode.c.h; path = TSYLoadingView.h; sourceTree = "<group>"; };
		84A30E661B434D81005F8EA6 /* TSYLoadingView.m */ = {isa = PBXFileReference; fileEncoding = 4; lastKnownFileType = sourcecode.c.objc; path = TSYLoadingView.m; sourceTree = "<group>"; };
		84A30E6A1B434DD6005F8EA6 /* TSYLoadingView.xib */ = {isa = PBXFileReference; fileEncoding = 4; lastKnownFileType = file.xib; path = TSYLoadingView.xib; sourceTree = "<group>"; };
		84A30E6D1B435110005F8EA6 /* TSYModel.h */ = {isa = PBXFileReference; fileEncoding = 4; lastKnownFileType = sourcecode.c.h; path = TSYModel.h; sourceTree = "<group>"; };
		84A30E6E1B435110005F8EA6 /* TSYModel.m */ = {isa = PBXFileReference; fileEncoding = 4; lastKnownFileType = sourcecode.c.objc; path = TSYModel.m; sourceTree = "<group>"; };
		84A333681B5A5FD500F44720 /* NSURLSession+TSYCategory.h */ = {isa = PBXFileReference; fileEncoding = 4; lastKnownFileType = sourcecode.c.h; path = "NSURLSession+TSYCategory.h"; sourceTree = "<group>"; };
		84A333691B5A5FD500F44720 /* NSURLSession+TSYCategory.m */ = {isa = PBXFileReference; fileEncoding = 4; lastKnownFileType = sourcecode.c.objc; path = "NSURLSession+TSYCategory.m"; sourceTree = "<group>"; };
		84A39E6B1B4BD9FD00BFDFB0 /* NSFileManager+TSYCategory.h */ = {isa = PBXFileReference; fileEncoding = 4; lastKnownFileType = sourcecode.c.h; path = "NSFileManager+TSYCategory.h"; sourceTree = "<group>"; };
		84A39E6C1B4BD9FD00BFDFB0 /* NSFileManager+TSYCategory.m */ = {isa = PBXFileReference; fileEncoding = 4; lastKnownFileType = sourcecode.c.objc; path = "NSFileManager+TSYCategory.m"; sourceTree = "<group>"; };
		84A8D35F1B64C8730083FE71 /* TSYView.h */ = {isa = PBXFileReference; fileEncoding = 4; lastKnownFileType = sourcecode.c.h; path = TSYView.h; sourceTree = "<group>"; };
		84A8D3601B64C8730083FE71 /* TSYView.m */ = {isa = PBXFileReference; fileEncoding = 4; lastKnownFileType = sourcecode.c.objc; path = TSYView.m; sourceTree = "<group>"; };
		84A8E1B21B6625CD004B9394 /* TSYUserDetailView.h */ = {isa = PBXFileReference; fileEncoding = 4; lastKnownFileType = sourcecode.c.h; path = TSYUserDetailView.h; sourceTree = "<group>"; };
		84A8E1B31B6625CD004B9394 /* TSYUserDetailView.m */ = {isa = PBXFileReference; fileEncoding = 4; lastKnownFileType = sourcecode.c.objc; path = TSYUserDetailView.m; sourceTree = "<group>"; };
		84A8E1B41B6625CD004B9394 /* TSYUserDetailViewController.h */ = {isa = PBXFileReference; fileEncoding = 4; lastKnownFileType = sourcecode.c.h; path = TSYUserDetailViewController.h; sourceTree = "<group>"; };
		84A8E1B51B6625CD004B9394 /* TSYUserDetailViewController.m */ = {isa = PBXFileReference; fileEncoding = 4; lastKnownFileType = sourcecode.c.objc; path = TSYUserDetailViewController.m; sourceTree = "<group>"; };
		84A8E1B61B6625CD004B9394 /* TSYUserDetailViewController.xib */ = {isa = PBXFileReference; fileEncoding = 4; lastKnownFileType = file.xib; path = TSYUserDetailViewController.xib; sourceTree = "<group>"; };
		84A8E1BB1B662A07004B9394 /* TSYFacebookUserInfoContext.h */ = {isa = PBXFileReference; fileEncoding = 4; lastKnownFileType = sourcecode.c.h; path = TSYFacebookUserInfoContext.h; sourceTree = "<group>"; };
		84A8E1BC1B662A07004B9394 /* TSYFacebookUserInfoContext.m */ = {isa = PBXFileReference; fileEncoding = 4; lastKnownFileType = sourcecode.c.objc; path = TSYFacebookUserInfoContext.m; sourceTree = "<group>"; };
		84A8E1BF1B662DAD004B9394 /* TSYFacebookLoginContext.h */ = {isa = PBXFileReference; fileEncoding = 4; lastKnownFileType = sourcecode.c.h; path = TSYFacebookLoginContext.h; sourceTree = "<group>"; };
		84A8E1C01B662DAD004B9394 /* TSYFacebookLoginContext.m */ = {isa = PBXFileReference; fileEncoding = 4; lastKnownFileType = sourcecode.c.objc; path = TSYFacebookLoginContext.m; sourceTree = "<group>"; };
		84AE8DD71B586537003C808D /* TSYImageModelCache.h */ = {isa = PBXFileReference; fileEncoding = 4; lastKnownFileType = sourcecode.c.h; path = TSYImageModelCache.h; sourceTree = "<group>"; };
		84AE8DD81B586537003C808D /* TSYImageModelCache.m */ = {isa = PBXFileReference; fileEncoding = 4; lastKnownFileType = sourcecode.c.objc; path = TSYImageModelCache.m; sourceTree = "<group>"; };
		84BD0D571B414F9C00349DE5 /* UINib+TSYCategory.h */ = {isa = PBXFileReference; fileEncoding = 4; lastKnownFileType = sourcecode.c.h; path = "UINib+TSYCategory.h"; sourceTree = "<group>"; };
		84BD0D581B414F9C00349DE5 /* UINib+TSYCategory.m */ = {isa = PBXFileReference; fileEncoding = 4; lastKnownFileType = sourcecode.c.objc; path = "UINib+TSYCategory.m"; sourceTree = "<group>"; };
		84BD0D5C1B41F74200349DE5 /* NSIndexPath+TSYCategory.h */ = {isa = PBXFileReference; fileEncoding = 4; lastKnownFileType = sourcecode.c.h; path = "NSIndexPath+TSYCategory.h"; sourceTree = "<group>"; };
		84BD0D5D1B41F74200349DE5 /* NSIndexPath+TSYCategory.m */ = {isa = PBXFileReference; fileEncoding = 4; lastKnownFileType = sourcecode.c.objc; path = "NSIndexPath+TSYCategory.m"; sourceTree = "<group>"; };
		84BD0D5F1B41FAA400349DE5 /* NSBundle+TSYCategory.h */ = {isa = PBXFileReference; fileEncoding = 4; lastKnownFileType = sourcecode.c.h; path = "NSBundle+TSYCategory.h"; sourceTree = "<group>"; };
		84BD0D601B41FAA400349DE5 /* NSBundle+TSYCategory.m */ = {isa = PBXFileReference; fileEncoding = 4; lastKnownFileType = sourcecode.c.objc; path = "NSBundle+TSYCategory.m"; sourceTree = "<group>"; };
		84BF5F011B32D04400932154 /* TSYUser.h */ = {isa = PBXFileReference; fileEncoding = 4; lastKnownFileType = sourcecode.c.h; path = TSYUser.h; sourceTree = "<group>"; };
		84BF5F021B32D04400932154 /* TSYUser.m */ = {isa = PBXFileReference; fileEncoding = 4; lastKnownFileType = sourcecode.c.objc; path = TSYUser.m; sourceTree = "<group>"; };
		84BF5F051B32D09900932154 /* TSYUsers.h */ = {isa = PBXFileReference; fileEncoding = 4; lastKnownFileType = sourcecode.c.h; path = TSYUsers.h; sourceTree = "<group>"; };
		84BF5F061B32D09900932154 /* TSYUsers.m */ = {isa = PBXFileReference; fileEncoding = 4; lastKnownFileType = sourcecode.c.objc; path = TSYUsers.m; sourceTree = "<group>"; };
		84BF5F0B1B32FB0100932154 /* NSString+TSYAlphabet.h */ = {isa = PBXFileReference; fileEncoding = 4; lastKnownFileType = sourcecode.c.h; path = "NSString+TSYAlphabet.h"; sourceTree = "<group>"; };
		84BF5F0C1B32FB0100932154 /* NSString+TSYAlphabet.m */ = {isa = PBXFileReference; fileEncoding = 4; lastKnownFileType = sourcecode.c.objc; path = "NSString+TSYAlphabet.m"; sourceTree = "<group>"; };
		84BF5F0D1B32FB0100932154 /* NSString+TSYRandomName.h */ = {isa = PBXFileReference; fileEncoding = 4; lastKnownFileType = sourcecode.c.h; path = "NSString+TSYRandomName.h"; sourceTree = "<group>"; };
		84BF5F0E1B32FB0100932154 /* NSString+TSYRandomName.m */ = {isa = PBXFileReference; fileEncoding = 4; lastKnownFileType = sourcecode.c.objc; path = "NSString+TSYRandomName.m"; sourceTree = "<group>"; };
		84BF5F0F1B32FB0100932154 /* NSString+TSYRandomString.h */ = {isa = PBXFileReference; fileEncoding = 4; lastKnownFileType = sourcecode.c.h; path = "NSString+TSYRandomString.h"; sourceTree = "<group>"; };
		84BF5F101B32FB0100932154 /* NSString+TSYRandomString.m */ = {isa = PBXFileReference; fileEncoding = 4; lastKnownFileType = sourcecode.c.objc; path = "NSString+TSYRandomString.m"; sourceTree = "<group>"; };
		84BF5F151B32FB0100932154 /* UIWindow+TSYCategories.h */ = {isa = PBXFileReference; fileEncoding = 4; lastKnownFileType = sourcecode.c.h; path = "UIWindow+TSYCategories.h"; sourceTree = "<group>"; };
		84BF5F161B32FB0100932154 /* UIWindow+TSYCategories.m */ = {isa = PBXFileReference; fileEncoding = 4; lastKnownFileType = sourcecode.c.objc; path = "UIWindow+TSYCategories.m"; sourceTree = "<group>"; };
		84BF5F1E1B33002900932154 /* TSYTableViewCell.h */ = {isa = PBXFileReference; fileEncoding = 4; lastKnownFileType = sourcecode.c.h; path = TSYTableViewCell.h; sourceTree = "<group>"; };
		84BF5F1F1B33002900932154 /* TSYTableViewCell.m */ = {isa = PBXFileReference; fileEncoding = 4; lastKnownFileType = sourcecode.c.objc; path = TSYTableViewCell.m; sourceTree = "<group>"; };
		C132934795E0C704DDF4C90D /* libPods-TSYHomeworkUI.a */ = {isa = PBXFileReference; explicitFileType = archive.ar; includeInIndex = 0; path = "libPods-TSYHomeworkUI.a"; sourceTree = BUILT_PRODUCTS_DIR; };
/* End PBXFileReference section */

/* Begin PBXFrameworksBuildPhase section */
		849FB4701B28E5C90096D0AD /* Frameworks */ = {
			isa = PBXFrameworksBuildPhase;
			buildActionMask = 2147483647;
			files = (
				B66C1EB5621F627838B6B349 /* libPods-TSYHomeworkUI.a in Frameworks */,
			);
			runOnlyForDeploymentPostprocessing = 0;
		};
		849FB4891B28E5C90096D0AD /* Frameworks */ = {
			isa = PBXFrameworksBuildPhase;
			buildActionMask = 2147483647;
			files = (
				564CE81C0870301687525CD3 /* libPods-TSYHomeworkUITests.a in Frameworks */,
			);
			runOnlyForDeploymentPostprocessing = 0;
		};
/* End PBXFrameworksBuildPhase section */

/* Begin PBXGroup section */
		7E69D104E26710A72A4D43A6 /* Frameworks */ = {
			isa = PBXGroup;
			children = (
				40611F751661DB17CE194DA3 /* libPods-TSYHomeworkUITests.a */,
				C132934795E0C704DDF4C90D /* libPods-TSYHomeworkUI.a */,
			);
			name = Frameworks;
			sourceTree = "<group>";
		};
		849DAF141B3414CA0034D221 /* TSYMacros */ = {
			isa = PBXGroup;
			children = (
				849DAF151B3414CA0034D221 /* TSYMacros.h */,
				849DAF161B3414CA0034D221 /* TSYMacros.m */,
			);
			path = TSYMacros;
			sourceTree = "<group>";
		};
		849F4B001B5FAB5300B9DEED /* TSYLoginViewController */ = {
			isa = PBXGroup;
			children = (
				849F4B151B5FAEE800B9DEED /* TSYLoginViewController.h */,
				849F4B161B5FAEE800B9DEED /* TSYLoginViewController.m */,
				849F4B171B5FAEE800B9DEED /* TSYLoginViewController.xib */,
				849F4B2C1B5FB9C800B9DEED /* TSYLoginView.h */,
				849F4B2D1B5FB9C800B9DEED /* TSYLoginView.m */,
			);
			path = TSYLoginViewController;
			sourceTree = "<group>";
		};
		849F4B011B5FAB7F00B9DEED /* TSYViewController */ = {
			isa = PBXGroup;
			children = (
				849F4B101B5FAE8E00B9DEED /* TSYViewController.h */,
				849F4B111B5FAE8E00B9DEED /* TSYViewController.m */,
				849F4B121B5FAE8E00B9DEED /* TSYViewController.xib */,
				84A8D35F1B64C8730083FE71 /* TSYView.h */,
				84A8D3601B64C8730083FE71 /* TSYView.m */,
			);
			path = TSYViewController;
			sourceTree = "<group>";
		};
		849F4B021B5FABB500B9DEED /* TSYFriendsViewController */ = {
			isa = PBXGroup;
			children = (
				849F4B221B5FAFA400B9DEED /* TSYFriendsViewController.h */,
				849F4B231B5FAFA400B9DEED /* TSYFriendsViewController.m */,
				849F4B241B5FAFA400B9DEED /* TSYFriendsViewController.xib */,
			);
			name = TSYFriendsViewController;
			path = TSYFriendsViewCOntroller;
			sourceTree = "<group>";
		};
		849F4B301B5FCFF700B9DEED /* TSYFBUserModel */ = {
			isa = PBXGroup;
			children = (
				849F4B311B5FD01200B9DEED /* TSYFBUserModel.h */,
				849F4B321B5FD01200B9DEED /* TSYFBUserModel.m */,
			);
			path = TSYFBUserModel;
			sourceTree = "<group>";
		};
		849F68B01B554367007DCFDE /* TSYImageModel */ = {
			isa = PBXGroup;
			children = (
				849F68B11B55438A007DCFDE /* TSYImageModel.h */,
				849F68B21B55438A007DCFDE /* TSYImageModel.m */,
			);
			path = TSYImageModel;
			sourceTree = "<group>";
		};
		849F72371B3BEBCD00869AD4 /* NSMutableArray */ = {
			isa = PBXGroup;
			children = (
				849F72381B3BEBFA00869AD4 /* NSMutableArray+TSYCategory.h */,
				849F72391B3BEBFA00869AD4 /* NSMutableArray+TSYCategory.m */,
			);
			path = NSMutableArray;
			sourceTree = "<group>";
		};
		849F723B1B3BF07700869AD4 /* TSYTableChange */ = {
			isa = PBXGroup;
			children = (
				849F723C1B3BF09200869AD4 /* TSYTableChange.h */,
				849F723D1B3BF09200869AD4 /* TSYTableChange.m */,
			);
			path = TSYTableChange;
			sourceTree = "<group>";
		};
		849F723F1B3C242D00869AD4 /* UITableView */ = {
			isa = PBXGroup;
			children = (
				849F72401B3C247000869AD4 /* UITableView+TSYCategory.h */,
				849F72411B3C247000869AD4 /* UITableView+TSYCategory.m */,
			);
			path = UITableView;
			sourceTree = "<group>";
		};
		849FB46A1B28E5C90096D0AD = {
			isa = PBXGroup;
			children = (
				849FB4A61B28E98E0096D0AD /* Resources */,
				849FB4AC1B28E98E0096D0AD /* Source */,
				849FB4A11B28E96E0096D0AD /* TSYHomeworkUITests */,
				849FB49C1B28E9460096D0AD /* TSYHomeworkUI */,
				849FB4741B28E5C90096D0AD /* Products */,
				BE30A4A9EDD4073BC4CA38A1 /* Pods */,
				7E69D104E26710A72A4D43A6 /* Frameworks */,
			);
			sourceTree = "<group>";
		};
		849FB4741B28E5C90096D0AD /* Products */ = {
			isa = PBXGroup;
			children = (
				849FB4731B28E5C90096D0AD /* TSYHomeworkUI.app */,
				849FB48C1B28E5C90096D0AD /* TSYHomeworkUITests.xctest */,
			);
			name = Products;
			sourceTree = "<group>";
		};
		849FB49C1B28E9460096D0AD /* TSYHomeworkUI */ = {
			isa = PBXGroup;
			children = (
				849FB4BC1B28ED760096D0AD /* TSYAppDelegate.h */,
				849FB4BD1B28ED760096D0AD /* TSYAppDelegate.m */,
				849FB49D1B28E9460096D0AD /* Info.plist */,
				849FB49E1B28E9460096D0AD /* main.m */,
			);
			path = TSYHomeworkUI;
			sourceTree = "<group>";
		};
		849FB4A11B28E96E0096D0AD /* TSYHomeworkUITests */ = {
			isa = PBXGroup;
			children = (
				849FB4A21B28E96E0096D0AD /* Info.plist */,
				849FB4A31B28E96E0096D0AD /* TSYHomeworkUITests.m */,
			);
			path = TSYHomeworkUITests;
			sourceTree = "<group>";
		};
		849FB4A61B28E98E0096D0AD /* Resources */ = {
			isa = PBXGroup;
			children = (
				84A285D41B39745B00D52615 /* Images */,
				849FB4AB1B28E98E0096D0AD /* Images.xcassets */,
				84A285D71B3974B900D52615 /* LaunchScreen.xib */,
			);
			path = Resources;
			sourceTree = "<group>";
		};
		849FB4AC1B28E98E0096D0AD /* Source */ = {
			isa = PBXGroup;
			children = (
				84A1A33D1B618C65007C980C /* Contexts */,
				84BF5F081B32FB0100932154 /* Library */,
				84A1EFDC1B31679B0037A3B7 /* Models */,
				84A1EFC91B31678A0037A3B7 /* UI */,
			);
			path = Source;
			sourceTree = "<group>";
		};
		84A10F8C1B56575E007CE765 /* TSYImageView */ = {
			isa = PBXGroup;
			children = (
				84A10F8D1B5657A9007CE765 /* TSYImageView.h */,
				84A10F8E1B5657A9007CE765 /* TSYImageView.m */,
			);
			path = TSYImageView;
			sourceTree = "<group>";
		};
		84A146781B55A87700439875 /* TSYArrayModel */ = {
			isa = PBXGroup;
			children = (
				84A146791B55A87700439875 /* TSYArrayModel.h */,
				84A1467A1B55A87700439875 /* TSYArrayModel.m */,
			);
			path = TSYArrayModel;
			sourceTree = "<group>";
		};
		84A196251B321AF900C5CE0E /* Views */ = {
			isa = PBXGroup;
			children = (
				84A10F8C1B56575E007CE765 /* TSYImageView */,
				84A30E641B434CE1005F8EA6 /* TSYLoadingView */,
				84A1C3021B341B4200DC7198 /* TSYTableCell */,
				84A1962A1B321AF900C5CE0E /* TSYTableView.h */,
				84A1962B1B321AF900C5CE0E /* TSYTableView.m */,
				84A1962C1B321AF900C5CE0E /* TSYTableViewController.h */,
				84A1962D1B321AF900C5CE0E /* TSYTableViewController.m */,
				84A1962E1B321AF900C5CE0E /* TSYTableViewController.xib */,
			);
			path = Views;
			sourceTree = "<group>";
		};
		84A1A33D1B618C65007C980C /* Contexts */ = {
			isa = PBXGroup;
			children = (
				84A1A33E1B618C65007C980C /* TSYContext */,
				84A8E1BE1B662DAD004B9394 /* TSYFacebookLoginContext */,
				84A8E1BA1B662A07004B9394 /* TSYFacebookUserInfoContext */,
			);
			path = Contexts;
			sourceTree = "<group>";
		};
		84A1A33E1B618C65007C980C /* TSYContext */ = {
			isa = PBXGroup;
			children = (
				84A1A33F1B618C65007C980C /* TSYContext.h */,
				84A1A3401B618C65007C980C /* TSYContext.m */,
			);
			path = TSYContext;
			sourceTree = "<group>";
		};
		84A1C3021B341B4200DC7198 /* TSYTableCell */ = {
			isa = PBXGroup;
			children = (
				84A1C3031B341B4200DC7198 /* TSYTableCell.h */,
				84A1C3041B341B4200DC7198 /* TSYTableCell.m */,
				84A1C3051B341B4200DC7198 /* TSYTableCell.xib */,
			);
			path = TSYTableCell;
			sourceTree = "<group>";
		};
		84A1C4E01B4E67BD00A596F5 /* TSYLoadingViewProtocol */ = {
			isa = PBXGroup;
			children = (
				84A1C4E11B4E67D900A596F5 /* TSYLoadingViewProtocol.h */,
			);
			path = TSYLoadingViewProtocol;
			sourceTree = "<group>";
		};
		84A1EFC91B31678A0037A3B7 /* UI */ = {
			isa = PBXGroup;
			children = (
				84A8E1B11B6625CD004B9394 /* TSYUserDetailViewController */,
				849F4B011B5FAB7F00B9DEED /* TSYViewController */,
				849F4B001B5FAB5300B9DEED /* TSYLoginViewController */,
				849F4B021B5FABB500B9DEED /* TSYFriendsViewController */,
				84A1EFE01B31A2A30037A3B7 /* TSYSquareViewController */,
				84A1EFCA1B31678A0037A3B7 /* TSYTableViewController */,
			);
			path = UI;
			sourceTree = "<group>";
		};
		84A1EFCA1B31678A0037A3B7 /* TSYTableViewController */ = {
			isa = PBXGroup;
			children = (
				84A196251B321AF900C5CE0E /* Views */,
			);
			path = TSYTableViewController;
			sourceTree = "<group>";
		};
		84A1EFDC1B31679B0037A3B7 /* Models */ = {
			isa = PBXGroup;
			children = (
				849F4B301B5FCFF700B9DEED /* TSYFBUserModel */,
				84A146781B55A87700439875 /* TSYArrayModel */,
				849F68B01B554367007DCFDE /* TSYImageModel */,
				84A30E6C1B4350F3005F8EA6 /* TSYModel */,
				84BF5F001B32D04400932154 /* TSYUser */,
				84BF5F041B32D06600932154 /* TSYUsers */,
			);
			path = Models;
			sourceTree = "<group>";
		};
		84A1EFE01B31A2A30037A3B7 /* TSYSquareViewController */ = {
			isa = PBXGroup;
			children = (
				84A1EFE11B31A2A30037A3B7 /* TSYSquareView.h */,
				84A1EFE21B31A2A30037A3B7 /* TSYSquareView.m */,
				84A1EFE31B31A2A30037A3B7 /* TSYSquareViewController.h */,
				84A1EFE41B31A2A30037A3B7 /* TSYSquareViewController.m */,
				84A1EFE51B31A2A30037A3B7 /* TSYSquareViewController.xib */,
			);
			path = TSYSquareViewController;
			sourceTree = "<group>";
		};
		84A26DF51B3CA4B200812575 /* TSYTableCellMovingPath */ = {
			isa = PBXGroup;
			children = (
				84A26DF61B3CA4B200812575 /* TSYTableCellMovingPath.h */,
				84A26DF71B3CA4B200812575 /* TSYTableCellMovingPath.m */,
			);
			path = TSYTableCellMovingPath;
			sourceTree = "<group>";
		};
		84A285D41B39745B00D52615 /* Images */ = {
			isa = PBXGroup;
			children = (
				84A285D51B39745B00D52615 /* image.jpg */,
			);
			path = Images;
			sourceTree = "<group>";
		};
		84A285D91B39781300D52615 /* TSYObservableObject */ = {
			isa = PBXGroup;
			children = (
				84A285DA1B39781300D52615 /* TSYObservableObject.h */,
				84A285DB1B39781300D52615 /* TSYObservableObject.m */,
			);
			path = TSYObservableObject;
			sourceTree = "<group>";
		};
		84A30E601B433092005F8EA6 /* NSArray */ = {
			isa = PBXGroup;
			children = (
				84A30E611B433092005F8EA6 /* NSArray+TSYCategory.h */,
				84A30E621B433092005F8EA6 /* NSArray+TSYCategory.m */,
			);
			path = NSArray;
			sourceTree = "<group>";
		};
		84A30E641B434CE1005F8EA6 /* TSYLoadingView */ = {
			isa = PBXGroup;
			children = (
				84A30E651B434D81005F8EA6 /* TSYLoadingView.h */,
				84A30E661B434D81005F8EA6 /* TSYLoadingView.m */,
				84A30E6A1B434DD6005F8EA6 /* TSYLoadingView.xib */,
			);
			path = TSYLoadingView;
			sourceTree = "<group>";
		};
		84A30E6C1B4350F3005F8EA6 /* TSYModel */ = {
			isa = PBXGroup;
			children = (
				84A30E6D1B435110005F8EA6 /* TSYModel.h */,
				84A30E6E1B435110005F8EA6 /* TSYModel.m */,
			);
			path = TSYModel;
			sourceTree = "<group>";
		};
		84A333671B5A5F8D00F44720 /* NSURLSession */ = {
			isa = PBXGroup;
			children = (
				84A333681B5A5FD500F44720 /* NSURLSession+TSYCategory.h */,
				84A333691B5A5FD500F44720 /* NSURLSession+TSYCategory.m */,
			);
			path = NSURLSession;
			sourceTree = "<group>";
		};
		84A39E6A1B4BD9E200BFDFB0 /* NSFileManager */ = {
			isa = PBXGroup;
			children = (
				84A39E6B1B4BD9FD00BFDFB0 /* NSFileManager+TSYCategory.h */,
				84A39E6C1B4BD9FD00BFDFB0 /* NSFileManager+TSYCategory.m */,
			);
			path = NSFileManager;
			sourceTree = "<group>";
		};
		84A8E1B11B6625CD004B9394 /* TSYUserDetailViewController */ = {
			isa = PBXGroup;
			children = (
				84A8E1B21B6625CD004B9394 /* TSYUserDetailView.h */,
				84A8E1B31B6625CD004B9394 /* TSYUserDetailView.m */,
				84A8E1B41B6625CD004B9394 /* TSYUserDetailViewController.h */,
				84A8E1B51B6625CD004B9394 /* TSYUserDetailViewController.m */,
				84A8E1B61B6625CD004B9394 /* TSYUserDetailViewController.xib */,
			);
			path = TSYUserDetailViewController;
			sourceTree = "<group>";
		};
		84A8E1BA1B662A07004B9394 /* TSYFacebookUserInfoContext */ = {
			isa = PBXGroup;
			children = (
				84A8E1BB1B662A07004B9394 /* TSYFacebookUserInfoContext.h */,
				84A8E1BC1B662A07004B9394 /* TSYFacebookUserInfoContext.m */,
			);
			path = TSYFacebookUserInfoContext;
			sourceTree = "<group>";
		};
		84A8E1BE1B662DAD004B9394 /* TSYFacebookLoginContext */ = {
			isa = PBXGroup;
			children = (
				84A8E1BF1B662DAD004B9394 /* TSYFacebookLoginContext.h */,
				84A8E1C01B662DAD004B9394 /* TSYFacebookLoginContext.m */,
			);
			path = TSYFacebookLoginContext;
			sourceTree = "<group>";
		};
		84AE8DD61B586537003C808D /* TSYImageModelCache */ = {
			isa = PBXGroup;
			children = (
				84AE8DD71B586537003C808D /* TSYImageModelCache.h */,
				84AE8DD81B586537003C808D /* TSYImageModelCache.m */,
			);
			path = TSYImageModelCache;
			sourceTree = "<group>";
		};
		84BD0D561B414F7100349DE5 /* UINib */ = {
			isa = PBXGroup;
			children = (
				84BD0D571B414F9C00349DE5 /* UINib+TSYCategory.h */,
				84BD0D581B414F9C00349DE5 /* UINib+TSYCategory.m */,
			);
			path = UINib;
			sourceTree = "<group>";
		};
		84BD0D5A1B41F6E900349DE5 /* NSBundle */ = {
			isa = PBXGroup;
			children = (
				84BD0D5F1B41FAA400349DE5 /* NSBundle+TSYCategory.h */,
				84BD0D601B41FAA400349DE5 /* NSBundle+TSYCategory.m */,
			);
			path = NSBundle;
			sourceTree = "<group>";
		};
		84BD0D5B1B41F6E900349DE5 /* NSIndexPath */ = {
			isa = PBXGroup;
			children = (
				84BD0D5C1B41F74200349DE5 /* NSIndexPath+TSYCategory.h */,
				84BD0D5D1B41F74200349DE5 /* NSIndexPath+TSYCategory.m */,
			);
			path = NSIndexPath;
			sourceTree = "<group>";
		};
		84BF5F001B32D04400932154 /* TSYUser */ = {
			isa = PBXGroup;
			children = (
				84BF5F011B32D04400932154 /* TSYUser.h */,
				84BF5F021B32D04400932154 /* TSYUser.m */,
			);
			path = TSYUser;
			sourceTree = "<group>";
		};
		84BF5F041B32D06600932154 /* TSYUsers */ = {
			isa = PBXGroup;
			children = (
				84BF5F051B32D09900932154 /* TSYUsers.h */,
				84BF5F061B32D09900932154 /* TSYUsers.m */,
			);
			name = TSYUsers;
			path = Source/Models/TSYUsers;
			sourceTree = SOURCE_ROOT;
		};
		84BF5F081B32FB0100932154 /* Library */ = {
			isa = PBXGroup;
			children = (
				849DAF141B3414CA0034D221 /* TSYMacros */,
				84BF5F091B32FB0100932154 /* Categories */,
				84BF5F171B32FB0100932154 /* Classes */,
			);
			path = Library;
			sourceTree = "<group>";
		};
		84BF5F091B32FB0100932154 /* Categories */ = {
			isa = PBXGroup;
			children = (
				84A333671B5A5F8D00F44720 /* NSURLSession */,
				84A39E6A1B4BD9E200BFDFB0 /* NSFileManager */,
				84A30E601B433092005F8EA6 /* NSArray */,
				84BD0D5A1B41F6E900349DE5 /* NSBundle */,
				84BD0D5B1B41F6E900349DE5 /* NSIndexPath */,
				84BD0D561B414F7100349DE5 /* UINib */,
				849F723F1B3C242D00869AD4 /* UITableView */,
				849F72371B3BEBCD00869AD4 /* NSMutableArray */,
				84BF5F0A1B32FB0100932154 /* NSString */,
				84BF5F141B32FB0100932154 /* UIWindow */,
			);
			path = Categories;
			sourceTree = "<group>";
		};
		84BF5F0A1B32FB0100932154 /* NSString */ = {
			isa = PBXGroup;
			children = (
				84BF5F0B1B32FB0100932154 /* NSString+TSYAlphabet.h */,
				84BF5F0C1B32FB0100932154 /* NSString+TSYAlphabet.m */,
				84BF5F0D1B32FB0100932154 /* NSString+TSYRandomName.h */,
				84BF5F0E1B32FB0100932154 /* NSString+TSYRandomName.m */,
				84BF5F0F1B32FB0100932154 /* NSString+TSYRandomString.h */,
				84BF5F101B32FB0100932154 /* NSString+TSYRandomString.m */,
			);
			path = NSString;
			sourceTree = "<group>";
		};
		84BF5F141B32FB0100932154 /* UIWindow */ = {
			isa = PBXGroup;
			children = (
				84BF5F151B32FB0100932154 /* UIWindow+TSYCategories.h */,
				84BF5F161B32FB0100932154 /* UIWindow+TSYCategories.m */,
			);
			path = UIWindow;
			sourceTree = "<group>";
		};
		84BF5F171B32FB0100932154 /* Classes */ = {
			isa = PBXGroup;
			children = (
				84AE8DD61B586537003C808D /* TSYImageModelCache */,
				84A1C4E01B4E67BD00A596F5 /* TSYLoadingViewProtocol */,
				84A26DF51B3CA4B200812575 /* TSYTableCellMovingPath */,
				849F723B1B3BF07700869AD4 /* TSYTableChange */,
				84A285D91B39781300D52615 /* TSYObservableObject */,
				84BF5F1D1B33000200932154 /* TSYTableViewCell */,
			);
			path = Classes;
			sourceTree = "<group>";
		};
		84BF5F1D1B33000200932154 /* TSYTableViewCell */ = {
			isa = PBXGroup;
			children = (
				84BF5F1E1B33002900932154 /* TSYTableViewCell.h */,
				84BF5F1F1B33002900932154 /* TSYTableViewCell.m */,
			);
			path = TSYTableViewCell;
			sourceTree = "<group>";
		};
		BE30A4A9EDD4073BC4CA38A1 /* Pods */ = {
			isa = PBXGroup;
			children = (
				0CF052DCE509C1B7489F499E /* Pods-TSYHomeworkUITests.debug.xcconfig */,
				4758F823E14E040E645FB6A2 /* Pods-TSYHomeworkUITests.release.xcconfig */,
				1D345500940DBD8BDD778371 /* Pods-TSYHomeworkUI.debug.xcconfig */,
				5621AA98C7DC7518DA3488F2 /* Pods-TSYHomeworkUI.release.xcconfig */,
			);
			name = Pods;
			sourceTree = "<group>";
		};
/* End PBXGroup section */

/* Begin PBXNativeTarget section */
		849FB4721B28E5C90096D0AD /* TSYHomeworkUI */ = {
			isa = PBXNativeTarget;
			buildConfigurationList = 849FB4961B28E5C90096D0AD /* Build configuration list for PBXNativeTarget "TSYHomeworkUI" */;
			buildPhases = (
				DB6BA145ACD53783C5338A20 /* Check Pods Manifest.lock */,
				849FB46F1B28E5C90096D0AD /* Sources */,
				849FB4701B28E5C90096D0AD /* Frameworks */,
				849FB4711B28E5C90096D0AD /* Resources */,
				46EB334EF649844B34A4BE4D /* Copy Pods Resources */,
			);
			buildRules = (
			);
			dependencies = (
			);
			name = TSYHomeworkUI;
			productName = TSYHomeworkUI;
			productReference = 849FB4731B28E5C90096D0AD /* TSYHomeworkUI.app */;
			productType = "com.apple.product-type.application";
		};
		849FB48B1B28E5C90096D0AD /* TSYHomeworkUITests */ = {
			isa = PBXNativeTarget;
			buildConfigurationList = 849FB4991B28E5C90096D0AD /* Build configuration list for PBXNativeTarget "TSYHomeworkUITests" */;
			buildPhases = (
				E87E383DDA26CA1BBB9E539A /* Check Pods Manifest.lock */,
				849FB4881B28E5C90096D0AD /* Sources */,
				849FB4891B28E5C90096D0AD /* Frameworks */,
				849FB48A1B28E5C90096D0AD /* Resources */,
				C0A3D7065E90A0E1D84D1DDE /* Copy Pods Resources */,
			);
			buildRules = (
			);
			dependencies = (
				849FB48E1B28E5C90096D0AD /* PBXTargetDependency */,
			);
			name = TSYHomeworkUITests;
			productName = TSYHomeworkUITests;
			productReference = 849FB48C1B28E5C90096D0AD /* TSYHomeworkUITests.xctest */;
			productType = "com.apple.product-type.bundle.unit-test";
		};
/* End PBXNativeTarget section */

/* Begin PBXProject section */
		849FB46B1B28E5C90096D0AD /* Project object */ = {
			isa = PBXProject;
			attributes = {
				LastUpgradeCheck = 0610;
				ORGANIZATIONNAME = Admin;
				TargetAttributes = {
					849FB4721B28E5C90096D0AD = {
						CreatedOnToolsVersion = 6.1.1;
					};
					849FB48B1B28E5C90096D0AD = {
						CreatedOnToolsVersion = 6.1.1;
						TestTargetID = 849FB4721B28E5C90096D0AD;
					};
				};
			};
			buildConfigurationList = 849FB46E1B28E5C90096D0AD /* Build configuration list for PBXProject "TSYHomeworkUI" */;
			compatibilityVersion = "Xcode 3.2";
			developmentRegion = English;
			hasScannedForEncodings = 0;
			knownRegions = (
				en,
				Base,
			);
			mainGroup = 849FB46A1B28E5C90096D0AD;
			productRefGroup = 849FB4741B28E5C90096D0AD /* Products */;
			projectDirPath = "";
			projectRoot = "";
			targets = (
				849FB4721B28E5C90096D0AD /* TSYHomeworkUI */,
				849FB48B1B28E5C90096D0AD /* TSYHomeworkUITests */,
			);
		};
/* End PBXProject section */

/* Begin PBXResourcesBuildPhase section */
		849FB4711B28E5C90096D0AD /* Resources */ = {
			isa = PBXResourcesBuildPhase;
			buildActionMask = 2147483647;
			files = (
				849FB4B51B28E98E0096D0AD /* Images.xcassets in Resources */,
				84A1C3071B341B4200DC7198 /* TSYTableCell.xib in Resources */,
				849F4B261B5FAFA400B9DEED /* TSYFriendsViewController.xib in Resources */,
				84A196331B321AF900C5CE0E /* TSYTableViewController.xib in Resources */,
				84A8E1B91B6625CD004B9394 /* TSYUserDetailViewController.xib in Resources */,
				84A285D81B3974B900D52615 /* LaunchScreen.xib in Resources */,
				849F4B141B5FAE8E00B9DEED /* TSYViewController.xib in Resources */,
				84A30E6B1B434DD6005F8EA6 /* TSYLoadingView.xib in Resources */,
				84A285D61B39745B00D52615 /* image.jpg in Resources */,
				84A1EFE81B31A2A30037A3B7 /* TSYSquareViewController.xib in Resources */,
				849FB49F1B28E9460096D0AD /* Info.plist in Resources */,
				849F4B191B5FAEE800B9DEED /* TSYLoginViewController.xib in Resources */,
			);
			runOnlyForDeploymentPostprocessing = 0;
		};
		849FB48A1B28E5C90096D0AD /* Resources */ = {
			isa = PBXResourcesBuildPhase;
			buildActionMask = 2147483647;
			files = (
				849FB4B61B28E98E0096D0AD /* Images.xcassets in Resources */,
				849FB4A41B28E96E0096D0AD /* Info.plist in Resources */,
			);
			runOnlyForDeploymentPostprocessing = 0;
		};
/* End PBXResourcesBuildPhase section */

/* Begin PBXShellScriptBuildPhase section */
		46EB334EF649844B34A4BE4D /* Copy Pods Resources */ = {
			isa = PBXShellScriptBuildPhase;
			buildActionMask = 2147483647;
			files = (
			);
			inputPaths = (
			);
			name = "Copy Pods Resources";
			outputPaths = (
			);
			runOnlyForDeploymentPostprocessing = 0;
			shellPath = /bin/sh;
			shellScript = "\"${SRCROOT}/Pods/Target Support Files/Pods-TSYHomeworkUI/Pods-TSYHomeworkUI-resources.sh\"\n";
			showEnvVarsInLog = 0;
		};
		C0A3D7065E90A0E1D84D1DDE /* Copy Pods Resources */ = {
			isa = PBXShellScriptBuildPhase;
			buildActionMask = 2147483647;
			files = (
			);
			inputPaths = (
			);
			name = "Copy Pods Resources";
			outputPaths = (
			);
			runOnlyForDeploymentPostprocessing = 0;
			shellPath = /bin/sh;
			shellScript = "\"${SRCROOT}/Pods/Target Support Files/Pods-TSYHomeworkUITests/Pods-TSYHomeworkUITests-resources.sh\"\n";
			showEnvVarsInLog = 0;
		};
		DB6BA145ACD53783C5338A20 /* Check Pods Manifest.lock */ = {
			isa = PBXShellScriptBuildPhase;
			buildActionMask = 2147483647;
			files = (
			);
			inputPaths = (
			);
			name = "Check Pods Manifest.lock";
			outputPaths = (
			);
			runOnlyForDeploymentPostprocessing = 0;
			shellPath = /bin/sh;
			shellScript = "diff \"${PODS_ROOT}/../Podfile.lock\" \"${PODS_ROOT}/Manifest.lock\" > /dev/null\nif [[ $? != 0 ]] ; then\n    cat << EOM\nerror: The sandbox is not in sync with the Podfile.lock. Run 'pod install' or update your CocoaPods installation.\nEOM\n    exit 1\nfi\n";
			showEnvVarsInLog = 0;
		};
		E87E383DDA26CA1BBB9E539A /* Check Pods Manifest.lock */ = {
			isa = PBXShellScriptBuildPhase;
			buildActionMask = 2147483647;
			files = (
			);
			inputPaths = (
			);
			name = "Check Pods Manifest.lock";
			outputPaths = (
			);
			runOnlyForDeploymentPostprocessing = 0;
			shellPath = /bin/sh;
			shellScript = "diff \"${PODS_ROOT}/../Podfile.lock\" \"${PODS_ROOT}/Manifest.lock\" > /dev/null\nif [[ $? != 0 ]] ; then\n    cat << EOM\nerror: The sandbox is not in sync with the Podfile.lock. Run 'pod install' or update your CocoaPods installation.\nEOM\n    exit 1\nfi\n";
			showEnvVarsInLog = 0;
		};
/* End PBXShellScriptBuildPhase section */

/* Begin PBXSourcesBuildPhase section */
		849FB46F1B28E5C90096D0AD /* Sources */ = {
			isa = PBXSourcesBuildPhase;
			buildActionMask = 2147483647;
			files = (
				84A8E1B81B6625CD004B9394 /* TSYUserDetailViewController.m in Sources */,
				84A196311B321AF900C5CE0E /* TSYTableView.m in Sources */,
				84BD0D591B414F9C00349DE5 /* UINib+TSYCategory.m in Sources */,
				84A30E6F1B435110005F8EA6 /* TSYModel.m in Sources */,
				84A30E631B433092005F8EA6 /* NSArray+TSYCategory.m in Sources */,
				849F68B31B55438A007DCFDE /* TSYImageModel.m in Sources */,
				84A8E1C11B662DAD004B9394 /* TSYFacebookLoginContext.m in Sources */,
				849F72421B3C247000869AD4 /* UITableView+TSYCategory.m in Sources */,
				84BF5F181B32FB0100932154 /* NSString+TSYAlphabet.m in Sources */,
				84A10F8F1B5657A9007CE765 /* TSYImageView.m in Sources */,
				84A8D3611B64C8730083FE71 /* TSYView.m in Sources */,
				849FB4A01B28E9460096D0AD /* main.m in Sources */,
				84BF5F1A1B32FB0100932154 /* NSString+TSYRandomString.m in Sources */,
				84A8E1B71B6625CD004B9394 /* TSYUserDetailView.m in Sources */,
				849F4B181B5FAEE800B9DEED /* TSYLoginViewController.m in Sources */,
				84BF5F201B33002900932154 /* TSYTableViewCell.m in Sources */,
				84BF5F031B32D04400932154 /* TSYUser.m in Sources */,
				849F723A1B3BEBFA00869AD4 /* NSMutableArray+TSYCategory.m in Sources */,
				84A196321B321AF900C5CE0E /* TSYTableViewController.m in Sources */,
				84A30E671B434D81005F8EA6 /* TSYLoadingView.m in Sources */,
				84BD0D611B41FAA400349DE5 /* NSBundle+TSYCategory.m in Sources */,
				849FB4BE1B28ED760096D0AD /* TSYAppDelegate.m in Sources */,
				84A8E1BD1B662A07004B9394 /* TSYFacebookUserInfoContext.m in Sources */,
				84A1EFE61B31A2A30037A3B7 /* TSYSquareView.m in Sources */,
				84A1C3061B341B4200DC7198 /* TSYTableCell.m in Sources */,
				84A26DF81B3CA4B200812575 /* TSYTableCellMovingPath.m in Sources */,
				84BF5F191B32FB0100932154 /* NSString+TSYRandomName.m in Sources */,
				84BD0D5E1B41F74200349DE5 /* NSIndexPath+TSYCategory.m in Sources */,
				84A1EFE71B31A2A30037A3B7 /* TSYSquareViewController.m in Sources */,
				849F4B331B5FD01200B9DEED /* TSYFBUserModel.m in Sources */,
				849F723E1B3BF09200869AD4 /* TSYTableChange.m in Sources */,
				84A1A3471B618C65007C980C /* TSYContext.m in Sources */,
				84A3336A1B5A5FD500F44720 /* NSURLSession+TSYCategory.m in Sources */,
				84AE8DD91B586537003C808D /* TSYImageModelCache.m in Sources */,
				849F4B251B5FAFA400B9DEED /* TSYFriendsViewController.m in Sources */,
				84A39E6D1B4BD9FD00BFDFB0 /* NSFileManager+TSYCategory.m in Sources */,
				84A285DC1B39781300D52615 /* TSYObservableObject.m in Sources */,
				849F4B131B5FAE8E00B9DEED /* TSYViewController.m in Sources */,
				84BF5F1C1B32FB0100932154 /* UIWindow+TSYCategories.m in Sources */,
				849DAF171B3414CA0034D221 /* TSYMacros.m in Sources */,
				84A1467B1B55A87700439875 /* TSYArrayModel.m in Sources */,
				849F4B2E1B5FB9C800B9DEED /* TSYLoginView.m in Sources */,
				84BF5F071B32D09900932154 /* TSYUsers.m in Sources */,
			);
			runOnlyForDeploymentPostprocessing = 0;
		};
		849FB4881B28E5C90096D0AD /* Sources */ = {
			isa = PBXSourcesBuildPhase;
			buildActionMask = 2147483647;
			files = (
				849FB4A51B28E96E0096D0AD /* TSYHomeworkUITests.m in Sources */,
			);
			runOnlyForDeploymentPostprocessing = 0;
		};
/* End PBXSourcesBuildPhase section */

/* Begin PBXTargetDependency section */
		849FB48E1B28E5C90096D0AD /* PBXTargetDependency */ = {
			isa = PBXTargetDependency;
			target = 849FB4721B28E5C90096D0AD /* TSYHomeworkUI */;
			targetProxy = 849FB48D1B28E5C90096D0AD /* PBXContainerItemProxy */;
		};
/* End PBXTargetDependency section */

/* Begin XCBuildConfiguration section */
		849FB4941B28E5C90096D0AD /* Debug */ = {
			isa = XCBuildConfiguration;
			buildSettings = {
				ALWAYS_SEARCH_USER_PATHS = NO;
				CLANG_CXX_LANGUAGE_STANDARD = "gnu++0x";
				CLANG_CXX_LIBRARY = "libc++";
				CLANG_ENABLE_MODULES = YES;
				CLANG_ENABLE_OBJC_ARC = YES;
				CLANG_WARN_BOOL_CONVERSION = YES;
				CLANG_WARN_CONSTANT_CONVERSION = YES;
				CLANG_WARN_DIRECT_OBJC_ISA_USAGE = YES_ERROR;
				CLANG_WARN_EMPTY_BODY = YES;
				CLANG_WARN_ENUM_CONVERSION = YES;
				CLANG_WARN_INT_CONVERSION = YES;
				CLANG_WARN_OBJC_ROOT_CLASS = YES_ERROR;
				CLANG_WARN_UNREACHABLE_CODE = YES;
				CLANG_WARN__DUPLICATE_METHOD_MATCH = YES;
				"CODE_SIGN_IDENTITY[sdk=iphoneos*]" = "iPhone Developer";
				COPY_PHASE_STRIP = NO;
				ENABLE_STRICT_OBJC_MSGSEND = YES;
				GCC_C_LANGUAGE_STANDARD = gnu99;
				GCC_DYNAMIC_NO_PIC = NO;
				GCC_OPTIMIZATION_LEVEL = 0;
				GCC_PREPROCESSOR_DEFINITIONS = (
					"DEBUG=1",
					"$(inherited)",
				);
				GCC_SYMBOLS_PRIVATE_EXTERN = NO;
				GCC_WARN_64_TO_32_BIT_CONVERSION = YES;
				GCC_WARN_ABOUT_RETURN_TYPE = YES_ERROR;
				GCC_WARN_UNDECLARED_SELECTOR = YES;
				GCC_WARN_UNINITIALIZED_AUTOS = YES_AGGRESSIVE;
				GCC_WARN_UNUSED_FUNCTION = YES;
				GCC_WARN_UNUSED_VARIABLE = YES;
				IPHONEOS_DEPLOYMENT_TARGET = 8.1;
				MTL_ENABLE_DEBUG_INFO = YES;
				ONLY_ACTIVE_ARCH = YES;
				SDKROOT = iphoneos;
			};
			name = Debug;
		};
		849FB4951B28E5C90096D0AD /* Release */ = {
			isa = XCBuildConfiguration;
			buildSettings = {
				ALWAYS_SEARCH_USER_PATHS = NO;
				CLANG_CXX_LANGUAGE_STANDARD = "gnu++0x";
				CLANG_CXX_LIBRARY = "libc++";
				CLANG_ENABLE_MODULES = YES;
				CLANG_ENABLE_OBJC_ARC = YES;
				CLANG_WARN_BOOL_CONVERSION = YES;
				CLANG_WARN_CONSTANT_CONVERSION = YES;
				CLANG_WARN_DIRECT_OBJC_ISA_USAGE = YES_ERROR;
				CLANG_WARN_EMPTY_BODY = YES;
				CLANG_WARN_ENUM_CONVERSION = YES;
				CLANG_WARN_INT_CONVERSION = YES;
				CLANG_WARN_OBJC_ROOT_CLASS = YES_ERROR;
				CLANG_WARN_UNREACHABLE_CODE = YES;
				CLANG_WARN__DUPLICATE_METHOD_MATCH = YES;
				"CODE_SIGN_IDENTITY[sdk=iphoneos*]" = "iPhone Developer";
				COPY_PHASE_STRIP = YES;
				ENABLE_NS_ASSERTIONS = NO;
				ENABLE_STRICT_OBJC_MSGSEND = YES;
				GCC_C_LANGUAGE_STANDARD = gnu99;
				GCC_WARN_64_TO_32_BIT_CONVERSION = YES;
				GCC_WARN_ABOUT_RETURN_TYPE = YES_ERROR;
				GCC_WARN_UNDECLARED_SELECTOR = YES;
				GCC_WARN_UNINITIALIZED_AUTOS = YES_AGGRESSIVE;
				GCC_WARN_UNUSED_FUNCTION = YES;
				GCC_WARN_UNUSED_VARIABLE = YES;
				IPHONEOS_DEPLOYMENT_TARGET = 8.1;
				MTL_ENABLE_DEBUG_INFO = NO;
				SDKROOT = iphoneos;
				VALIDATE_PRODUCT = YES;
			};
			name = Release;
		};
		849FB4971B28E5C90096D0AD /* Debug */ = {
			isa = XCBuildConfiguration;
			baseConfigurationReference = 1D345500940DBD8BDD778371 /* Pods-TSYHomeworkUI.debug.xcconfig */;
			buildSettings = {
				ASSETCATALOG_COMPILER_APPICON_NAME = AppIcon;
				FRAMEWORK_SEARCH_PATHS = (
					"$(inherited)",
					"$(PROJECT_DIR)/Source",
				);
				INFOPLIST_FILE = TSYHomeworkUI/Info.plist;
				LD_RUNPATH_SEARCH_PATHS = "$(inherited) @executable_path/Frameworks";
				OTHER_LDFLAGS = "$(inherited)";
				PRODUCT_NAME = "$(TARGET_NAME)";
			};
			name = Debug;
		};
		849FB4981B28E5C90096D0AD /* Release */ = {
			isa = XCBuildConfiguration;
			baseConfigurationReference = 5621AA98C7DC7518DA3488F2 /* Pods-TSYHomeworkUI.release.xcconfig */;
			buildSettings = {
				ASSETCATALOG_COMPILER_APPICON_NAME = AppIcon;
				FRAMEWORK_SEARCH_PATHS = (
					"$(inherited)",
					"$(PROJECT_DIR)/Source",
				);
				INFOPLIST_FILE = TSYHomeworkUI/Info.plist;
				LD_RUNPATH_SEARCH_PATHS = "$(inherited) @executable_path/Frameworks";
				OTHER_LDFLAGS = "$(inherited)";
				PRODUCT_NAME = "$(TARGET_NAME)";
			};
			name = Release;
		};
		849FB49A1B28E5C90096D0AD /* Debug */ = {
			isa = XCBuildConfiguration;
			baseConfigurationReference = 0CF052DCE509C1B7489F499E /* Pods-TSYHomeworkUITests.debug.xcconfig */;
			buildSettings = {
				BUNDLE_LOADER = "$(TEST_HOST)";
				FRAMEWORK_SEARCH_PATHS = (
					"$(SDKROOT)/Developer/Library/Frameworks",
					"$(inherited)",
				);
				GCC_PREPROCESSOR_DEFINITIONS = (
					"DEBUG=1",
					"$(inherited)",
				);
				INFOPLIST_FILE = TSYHomeworkUITests/Info.plist;
				LD_RUNPATH_SEARCH_PATHS = "$(inherited) @executable_path/Frameworks @loader_path/Frameworks";
				PRODUCT_NAME = "$(TARGET_NAME)";
				TEST_HOST = "$(BUILT_PRODUCTS_DIR)/TSYHomeworkUI.app/TSYHomeworkUI";
			};
			name = Debug;
		};
		849FB49B1B28E5C90096D0AD /* Release */ = {
			isa = XCBuildConfiguration;
			baseConfigurationReference = 4758F823E14E040E645FB6A2 /* Pods-TSYHomeworkUITests.release.xcconfig */;
			buildSettings = {
				BUNDLE_LOADER = "$(TEST_HOST)";
				FRAMEWORK_SEARCH_PATHS = (
					"$(SDKROOT)/Developer/Library/Frameworks",
					"$(inherited)",
				);
				INFOPLIST_FILE = TSYHomeworkUITests/Info.plist;
				LD_RUNPATH_SEARCH_PATHS = "$(inherited) @executable_path/Frameworks @loader_path/Frameworks";
				PRODUCT_NAME = "$(TARGET_NAME)";
				TEST_HOST = "$(BUILT_PRODUCTS_DIR)/TSYHomeworkUI.app/TSYHomeworkUI";
			};
			name = Release;
		};
/* End XCBuildConfiguration section */

/* Begin XCConfigurationList section */
		849FB46E1B28E5C90096D0AD /* Build configuration list for PBXProject "TSYHomeworkUI" */ = {
			isa = XCConfigurationList;
			buildConfigurations = (
				849FB4941B28E5C90096D0AD /* Debug */,
				849FB4951B28E5C90096D0AD /* Release */,
			);
			defaultConfigurationIsVisible = 0;
			defaultConfigurationName = Release;
		};
		849FB4961B28E5C90096D0AD /* Build configuration list for PBXNativeTarget "TSYHomeworkUI" */ = {
			isa = XCConfigurationList;
			buildConfigurations = (
				849FB4971B28E5C90096D0AD /* Debug */,
				849FB4981B28E5C90096D0AD /* Release */,
			);
			defaultConfigurationIsVisible = 0;
			defaultConfigurationName = Release;
		};
		849FB4991B28E5C90096D0AD /* Build configuration list for PBXNativeTarget "TSYHomeworkUITests" */ = {
			isa = XCConfigurationList;
			buildConfigurations = (
				849FB49A1B28E5C90096D0AD /* Debug */,
				849FB49B1B28E5C90096D0AD /* Release */,
			);
			defaultConfigurationIsVisible = 0;
			defaultConfigurationName = Release;
		};
/* End XCConfigurationList section */
	};
	rootObject = 849FB46B1B28E5C90096D0AD /* Project object */;
}
